
Microsoft Visual Studio Solution File, Format Version 12.00
# Visual Studio Version 17
Project("{8BC9CEB8-8B4A-11D0-8D11-00A0C91BC942}") = "ALL_BUILD", "ALL_BUILD.vcxproj", "{26DD3BA5-CB64-3193-AD4F-4F8C8C7D53AB}"
	ProjectSection(ProjectDependencies) = postProject
		{D3FEFCCF-5DB4-391B-B207-E5DD06AC92AA} = {D3FEFCCF-5DB4-391B-B207-E5DD06AC92AA}
		{02D49BFB-8FE9-34E6-9FA9-D1742764DDC9} = {02D49BFB-8FE9-34E6-9FA9-D1742764DDC9}
		{65DBF04B-1609-3B21-9C77-28BEB7633E11} = {65DBF04B-1609-3B21-9C77-28BEB7633E11}
		{D008EC8E-92DD-36C5-9B6C-3A5B09FEB06F} = {D008EC8E-92DD-36C5-9B6C-3A5B09FEB06F}
		{3FDE9A03-0F8F-3E78-BF61-DFD6E79687FF} = {3FDE9A03-0F8F-3E78-BF61-DFD6E79687FF}
	EndProjectSection
EndProject
Project("{8BC9CEB8-8B4A-11D0-8D11-00A0C91BC942}") = "MyanglishEngine", "MyanglishEngine.vcxproj", "{D3FEFCCF-5DB4-391B-B207-E5DD06AC92AA}"
	ProjectSection(ProjectDependencies) = postProject
		{3FDE9A03-0F8F-3E78-BF61-DFD6E79687FF} = {3FDE9A03-0F8F-3E78-BF61-DFD6E79687FF}
	EndProjectSection
EndProject
Project("{8BC9CEB8-8B4A-11D0-8D11-00A0C91BC942}") = "MyanglishIME", "MyanglishIME.vcxproj", "{02D49BFB-8FE9-34E6-9FA9-D1742764DDC9}"
	ProjectSection(ProjectDependencies) = postProject
		{D3FEFCCF-5DB4-391B-B207-E5DD06AC92AA} = {D3FEFCCF-5DB4-391B-B207-E5DD06AC92AA}
		{3FDE9A03-0F8F-3E78-BF61-DFD6E79687FF} = {3FDE9A03-0F8F-3E78-BF61-DFD6E79687FF}
	EndProjectSection
EndProject
Project("{8BC9CEB8-8B4A-11D0-8D11-00A0C91BC942}") = "MyanglishSettings", "MyanglishSettings.vcxproj", "{65DBF04B-1609-3B21-9C77-28BEB7633E11}"
	ProjectSection(ProjectDependencies) = postProject
		{3FDE9A03-0F8F-3E78-BF61-DFD6E79687FF} = {3FDE9A03-0F8F-3E78-BF61-DFD6E79687FF}
	EndProjectSection
EndProject
Project("{8BC9CEB8-8B4A-11D0-8D11-00A0C91BC942}") = "MyanglishTests", "MyanglishTests.vcxproj", "{D008EC8E-92DD-36C5-9B6C-3A5B09FEB06F}"
	ProjectSection(ProjectDependencies) = postProject
		{D3FEFCCF-5DB4-391B-B207-E5DD06AC92AA} = {D3FEFCCF-5DB4-391B-B207-E5DD06AC92AA}
		{3FDE9A03-0F8F-3E78-BF61-DFD6E79687FF} = {3FDE9A03-0F8F-3E78-BF61-DFD6E79687FF}
	EndProjectSection
EndProject
Project("{8BC9CEB8-8B4A-11D0-8D11-00A0C91BC942}") = "RUN_TESTS", "RUN_TESTS.vcxproj", "{162B0ABD-2E5C-366B-82F5-92254459332D}"
	ProjectSection(ProjectDependencies) = postProject
		{3FDE9A03-0F8F-3E78-BF61-DFD6E79687FF} = {3FDE9A03-0F8F-3E78-BF61-DFD6E79687FF}
	EndProjectSection
EndProject
Project("{8BC9CEB8-8B4A-11D0-8D11-00A0C91BC942}") = "ZERO_CHECK", "ZERO_CHECK.vcxproj", "{3FDE9A03-0F8F-3E78-BF61-DFD6E79687FF}"
	ProjectSection(ProjectDependencies) = postProject
	EndProjectSection
EndProject
Global
	GlobalSection(SolutionConfigurationPlatforms) = preSolution
		Debug|x64 = Debug|x64
		Release|x64 = Release|x64
		MinSizeRel|x64 = MinSizeRel|x64
		RelWithDebInfo|x64 = RelWithDebInfo|x64
	EndGlobalSection
	GlobalSection(ProjectConfigurationPlatforms) = postSolution
		{26DD3BA5-CB64-3193-AD4F-4F8C8C7D53AB}.Debug|x64.ActiveCfg = Debug|x64
		{26DD3BA5-CB64-3193-AD4F-4F8C8C7D53AB}.Release|x64.ActiveCfg = Release|x64
		{26DD3BA5-CB64-3193-AD4F-4F8C8C7D53AB}.MinSizeRel|x64.ActiveCfg = MinSizeRel|x64
		{26DD3BA5-CB64-3193-AD4F-4F8C8C7D53AB}.RelWithDebInfo|x64.ActiveCfg = RelWithDebInfo|x64
		{D3FEFCCF-5DB4-391B-B207-E5DD06AC92AA}.Debug|x64.ActiveCfg = Debug|x64
		{D3FEFCCF-5DB4-391B-B207-E5DD06AC92AA}.Debug|x64.Build.0 = Debug|x64
		{D3FEFCCF-5DB4-391B-B207-E5DD06AC92AA}.Release|x64.ActiveCfg = Release|x64
		{D3FEFCCF-5DB4-391B-B207-E5DD06AC92AA}.Release|x64.Build.0 = Release|x64
		{D3FEFCCF-5DB4-391B-B207-E5DD06AC92AA}.MinSizeRel|x64.ActiveCfg = MinSizeRel|x64
		{D3FEFCCF-5DB4-391B-B207-E5DD06AC92AA}.MinSizeRel|x64.Build.0 = MinSizeRel|x64
		{D3FEFCCF-5DB4-391B-B207-E5DD06AC92AA}.RelWithDebInfo|x64.ActiveCfg = RelWithDebInfo|x64
		{D3FEFCCF-5DB4-391B-B207-E5DD06AC92AA}.RelWithDebInfo|x64.Build.0 = RelWithDebInfo|x64
		{02D49BFB-8FE9-34E6-9FA9-D1742764DDC9}.Debug|x64.ActiveCfg = Debug|x64
		{02D49BFB-8FE9-34E6-9FA9-D1742764DDC9}.Debug|x64.Build.0 = Debug|x64
		{02D49BFB-8FE9-34E6-9FA9-D1742764DDC9}.Release|x64.ActiveCfg = Release|x64
		{02D49BFB-8FE9-34E6-9FA9-D1742764DDC9}.Release|x64.Build.0 = Release|x64
		{02D49BFB-8FE9-34E6-9FA9-D1742764DDC9}.MinSizeRel|x64.ActiveCfg = MinSizeRel|x64
		{02D49BFB-8FE9-34E6-9FA9-D1742764DDC9}.MinSizeRel|x64.Build.0 = MinSizeRel|x64
		{02D49BFB-8FE9-34E6-9FA9-D1742764DDC9}.RelWithDebInfo|x64.ActiveCfg = RelWithDebInfo|x64
		{02D49BFB-8FE9-34E6-9FA9-D1742764DDC9}.RelWithDebInfo|x64.Build.0 = RelWithDebInfo|x64
		{65DBF04B-1609-3B21-9C77-28BEB7633E11}.Debug|x64.ActiveCfg = Debug|x64
		{65DBF04B-1609-3B21-9C77-28BEB7633E11}.Debug|x64.Build.0 = Debug|x64
		{65DBF04B-1609-3B21-9C77-28BEB7633E11}.Release|x64.ActiveCfg = Release|x64
		{65DBF04B-1609-3B21-9C77-28BEB7633E11}.Release|x64.Build.0 = Release|x64
		{65DBF04B-1609-3B21-9C77-28BEB7633E11}.MinSizeRel|x64.ActiveCfg = MinSizeRel|x64
		{65DBF04B-1609-3B21-9C77-28BEB7633E11}.MinSizeRel|x64.Build.0 = MinSizeRel|x64
		{65DBF04B-1609-3B21-9C77-28BEB7633E11}.RelWithDebInfo|x64.ActiveCfg = RelWithDebInfo|x64
		{65DBF04B-1609-3B21-9C77-28BEB7633E11}.RelWithDebInfo|x64.Build.0 = RelWithDebInfo|x64
		{D008EC8E-92DD-36C5-9B6C-3A5B09FEB06F}.Debug|x64.ActiveCfg = Debug|x64
		{D008EC8E-92DD-36C5-9B6C-3A5B09FEB06F}.Debug|x64.Build.0 = Debug|x64
		{D008EC8E-92DD-36C5-9B6C-3A5B09FEB06F}.Release|x64.ActiveCfg = Release|x64
		{D008EC8E-92DD-36C5-9B6C-3A5B09FEB06F}.Release|x64.Build.0 = Release|x64
		{D008EC8E-92DD-36C5-9B6C-3A5B09FEB06F}.MinSizeRel|x64.ActiveCfg = MinSizeRel|x64
		{D008EC8E-92DD-36C5-9B6C-3A5B09FEB06F}.MinSizeRel|x64.Build.0 = MinSizeRel|x64
		{D008EC8E-92DD-36C5-9B6C-3A5B09FEB06F}.RelWithDebInfo|x64.ActiveCfg = RelWithDebInfo|x64
		{D008EC8E-92DD-36C5-9B6C-3A5B09FEB06F}.RelWithDebInfo|x64.Build.0 = RelWithDebInfo|x64
		{162B0ABD-2E5C-366B-82F5-92254459332D}.Debug|x64.ActiveCfg = Debug|x64
		{162B0ABD-2E5C-366B-82F5-92254459332D}.Release|x64.ActiveCfg = Release|x64
		{162B0ABD-2E5C-366B-82F5-92254459332D}.MinSizeRel|x64.ActiveCfg = MinSizeRel|x64
		{162B0ABD-2E5C-366B-82F5-92254459332D}.RelWithDebInfo|x64.ActiveCfg = RelWithDebInfo|x64
		{3FDE9A03-0F8F-3E78-BF61-DFD6E79687FF}.Debug|x64.ActiveCfg = Debug|x64
		{3FDE9A03-0F8F-3E78-BF61-DFD6E79687FF}.Debug|x64.Build.0 = Debug|x64
		{3FDE9A03-0F8F-3E78-BF61-DFD6E79687FF}.Release|x64.ActiveCfg = Release|x64
		{3FDE9A03-0F8F-3E78-BF61-DFD6E79687FF}.Release|x64.Build.0 = Release|x64
		{3FDE9A03-0F8F-3E78-BF61-DFD6E79687FF}.MinSizeRel|x64.ActiveCfg = MinSizeRel|x64
		{3FDE9A03-0F8F-3E78-BF61-DFD6E79687FF}.MinSizeRel|x64.Build.0 = MinSizeRel|x64
		{3FDE9A03-0F8F-3E78-BF61-DFD6E79687FF}.RelWithDebInfo|x64.ActiveCfg = RelWithDebInfo|x64
		{3FDE9A03-0F8F-3E78-BF61-DFD6E79687FF}.RelWithDebInfo|x64.Build.0 = RelWithDebInfo|x64
	EndGlobalSection
	GlobalSection(ExtensibilityGlobals) = postSolution
		SolutionGuid = {43C0626E-13A7-3F7F-BB55-903D0EEA342D}
	EndGlobalSection
	GlobalSection(ExtensibilityAddIns) = postSolution
	EndGlobalSection
EndGlobal
