
Microsoft Visual Studio Solution File, Format Version 12.00
# Visual Studio Version 17
Project("{8BC9CEB8-8B4A-11D0-8D11-00A0C91BC942}") = "ALL_BUILD", "ALL_BUILD.vcxproj", "{E6BDFAC5-DDA0-355C-A3ED-64A5D8C26CA5}"
	ProjectSection(ProjectDependencies) = postProject
		{EFE99049-7D0D-3381-B3CD-462EAC967F61} = {EFE99049-7D0D-3381-B3CD-462EAC967F61}
		{A4CB9281-34CF-359F-80A1-3C21608F67A4} = {A4CB9281-34CF-359F-80A1-3C21608F67A4}
		{F5E7DF8C-6D79-32AD-AA2A-578247641CAB} = {F5E7DF8C-6D79-32AD-AA2A-578247641CAB}
		{C64D3B87-FE1B-39E5-894D-86559A1AF974} = {C64D3B87-FE1B-39E5-894D-86559A1AF974}
		{1B1B9299-57FE-355C-8D94-3024ED1CF978} = {1B1B9299-57FE-355C-8D94-3024ED1CF978}
	EndProjectSection
EndProject
Project("{8BC9CEB8-8B4A-11D0-8D11-00A0C91BC942}") = "MyanglishEngine", "MyanglishEngine.vcxproj", "{EFE99049-7D0D-3381-B3CD-462EAC967F61}"
	ProjectSection(ProjectDependencies) = postProject
		{1B1B9299-57FE-355C-8D94-3024ED1CF978} = {1B1B9299-57FE-355C-8D94-3024ED1CF978}
	EndProjectSection
EndProject
Project("{8BC9CEB8-8B4A-11D0-8D11-00A0C91BC942}") = "MyanglishIME", "MyanglishIME.vcxproj", "{A4CB9281-34CF-359F-80A1-3C21608F67A4}"
	ProjectSection(ProjectDependencies) = postProject
		{EFE99049-7D0D-3381-B3CD-462EAC967F61} = {EFE99049-7D0D-3381-B3CD-462EAC967F61}
		{1B1B9299-57FE-355C-8D94-3024ED1CF978} = {1B1B9299-57FE-355C-8D94-3024ED1CF978}
	EndProjectSection
EndProject
Project("{8BC9CEB8-8B4A-11D0-8D11-00A0C91BC942}") = "MyanglishSettings", "MyanglishSettings.vcxproj", "{F5E7DF8C-6D79-32AD-AA2A-578247641CAB}"
	ProjectSection(ProjectDependencies) = postProject
		{1B1B9299-57FE-355C-8D94-3024ED1CF978} = {1B1B9299-57FE-355C-8D94-3024ED1CF978}
	EndProjectSection
EndProject
Project("{8BC9CEB8-8B4A-11D0-8D11-00A0C91BC942}") = "MyanglishTests", "MyanglishTests.vcxproj", "{C64D3B87-FE1B-39E5-894D-86559A1AF974}"
	ProjectSection(ProjectDependencies) = postProject
		{EFE99049-7D0D-3381-B3CD-462EAC967F61} = {EFE99049-7D0D-3381-B3CD-462EAC967F61}
		{1B1B9299-57FE-355C-8D94-3024ED1CF978} = {1B1B9299-57FE-355C-8D94-3024ED1CF978}
	EndProjectSection
EndProject
Project("{8BC9CEB8-8B4A-11D0-8D11-00A0C91BC942}") = "RUN_TESTS", "RUN_TESTS.vcxproj", "{D21CED7C-9C31-39A2-A840-9A88A41CE817}"
	ProjectSection(ProjectDependencies) = postProject
		{1B1B9299-57FE-355C-8D94-3024ED1CF978} = {1B1B9299-57FE-355C-8D94-3024ED1CF978}
	EndProjectSection
EndProject
Project("{8BC9CEB8-8B4A-11D0-8D11-00A0C91BC942}") = "ZERO_CHECK", "ZERO_CHECK.vcxproj", "{1B1B9299-57FE-355C-8D94-3024ED1CF978}"
	ProjectSection(ProjectDependencies) = postProject
	EndProjectSection
EndProject
Global
	GlobalSection(SolutionConfigurationPlatforms) = preSolution
		Debug|x64 = Debug|x64
		Release|x64 = Release|x64
		MinSizeRel|x64 = MinSizeRel|x64
		RelWithDebInfo|x64 = RelWithDebInfo|x64
	EndGlobalSection
	GlobalSection(ProjectConfigurationPlatforms) = postSolution
		{E6BDFAC5-DDA0-355C-A3ED-64A5D8C26CA5}.Debug|x64.ActiveCfg = Debug|x64
		{E6BDFAC5-DDA0-355C-A3ED-64A5D8C26CA5}.Release|x64.ActiveCfg = Release|x64
		{E6BDFAC5-DDA0-355C-A3ED-64A5D8C26CA5}.MinSizeRel|x64.ActiveCfg = MinSizeRel|x64
		{E6BDFAC5-DDA0-355C-A3ED-64A5D8C26CA5}.RelWithDebInfo|x64.ActiveCfg = RelWithDebInfo|x64
		{EFE99049-7D0D-3381-B3CD-462EAC967F61}.Debug|x64.ActiveCfg = Debug|x64
		{EFE99049-7D0D-3381-B3CD-462EAC967F61}.Debug|x64.Build.0 = Debug|x64
		{EFE99049-7D0D-3381-B3CD-462EAC967F61}.Release|x64.ActiveCfg = Release|x64
		{EFE99049-7D0D-3381-B3CD-462EAC967F61}.Release|x64.Build.0 = Release|x64
		{EFE99049-7D0D-3381-B3CD-462EAC967F61}.MinSizeRel|x64.ActiveCfg = MinSizeRel|x64
		{EFE99049-7D0D-3381-B3CD-462EAC967F61}.MinSizeRel|x64.Build.0 = MinSizeRel|x64
		{EFE99049-7D0D-3381-B3CD-462EAC967F61}.RelWithDebInfo|x64.ActiveCfg = RelWithDebInfo|x64
		{EFE99049-7D0D-3381-B3CD-462EAC967F61}.RelWithDebInfo|x64.Build.0 = RelWithDebInfo|x64
		{A4CB9281-34CF-359F-80A1-3C21608F67A4}.Debug|x64.ActiveCfg = Debug|x64
		{A4CB9281-34CF-359F-80A1-3C21608F67A4}.Debug|x64.Build.0 = Debug|x64
		{A4CB9281-34CF-359F-80A1-3C21608F67A4}.Release|x64.ActiveCfg = Release|x64
		{A4CB9281-34CF-359F-80A1-3C21608F67A4}.Release|x64.Build.0 = Release|x64
		{A4CB9281-34CF-359F-80A1-3C21608F67A4}.MinSizeRel|x64.ActiveCfg = MinSizeRel|x64
		{A4CB9281-34CF-359F-80A1-3C21608F67A4}.MinSizeRel|x64.Build.0 = MinSizeRel|x64
		{A4CB9281-34CF-359F-80A1-3C21608F67A4}.RelWithDebInfo|x64.ActiveCfg = RelWithDebInfo|x64
		{A4CB9281-34CF-359F-80A1-3C21608F67A4}.RelWithDebInfo|x64.Build.0 = RelWithDebInfo|x64
		{F5E7DF8C-6D79-32AD-AA2A-578247641CAB}.Debug|x64.ActiveCfg = Debug|x64
		{F5E7DF8C-6D79-32AD-AA2A-578247641CAB}.Debug|x64.Build.0 = Debug|x64
		{F5E7DF8C-6D79-32AD-AA2A-578247641CAB}.Release|x64.ActiveCfg = Release|x64
		{F5E7DF8C-6D79-32AD-AA2A-578247641CAB}.Release|x64.Build.0 = Release|x64
		{F5E7DF8C-6D79-32AD-AA2A-578247641CAB}.MinSizeRel|x64.ActiveCfg = MinSizeRel|x64
		{F5E7DF8C-6D79-32AD-AA2A-578247641CAB}.MinSizeRel|x64.Build.0 = MinSizeRel|x64
		{F5E7DF8C-6D79-32AD-AA2A-578247641CAB}.RelWithDebInfo|x64.ActiveCfg = RelWithDebInfo|x64
		{F5E7DF8C-6D79-32AD-AA2A-578247641CAB}.RelWithDebInfo|x64.Build.0 = RelWithDebInfo|x64
		{C64D3B87-FE1B-39E5-894D-86559A1AF974}.Debug|x64.ActiveCfg = Debug|x64
		{C64D3B87-FE1B-39E5-894D-86559A1AF974}.Debug|x64.Build.0 = Debug|x64
		{C64D3B87-FE1B-39E5-894D-86559A1AF974}.Release|x64.ActiveCfg = Release|x64
		{C64D3B87-FE1B-39E5-894D-86559A1AF974}.Release|x64.Build.0 = Release|x64
		{C64D3B87-FE1B-39E5-894D-86559A1AF974}.MinSizeRel|x64.ActiveCfg = MinSizeRel|x64
		{C64D3B87-FE1B-39E5-894D-86559A1AF974}.MinSizeRel|x64.Build.0 = MinSizeRel|x64
		{C64D3B87-FE1B-39E5-894D-86559A1AF974}.RelWithDebInfo|x64.ActiveCfg = RelWithDebInfo|x64
		{C64D3B87-FE1B-39E5-894D-86559A1AF974}.RelWithDebInfo|x64.Build.0 = RelWithDebInfo|x64
		{D21CED7C-9C31-39A2-A840-9A88A41CE817}.Debug|x64.ActiveCfg = Debug|x64
		{D21CED7C-9C31-39A2-A840-9A88A41CE817}.Release|x64.ActiveCfg = Release|x64
		{D21CED7C-9C31-39A2-A840-9A88A41CE817}.MinSizeRel|x64.ActiveCfg = MinSizeRel|x64
		{D21CED7C-9C31-39A2-A840-9A88A41CE817}.RelWithDebInfo|x64.ActiveCfg = RelWithDebInfo|x64
		{1B1B9299-57FE-355C-8D94-3024ED1CF978}.Debug|x64.ActiveCfg = Debug|x64
		{1B1B9299-57FE-355C-8D94-3024ED1CF978}.Debug|x64.Build.0 = Debug|x64
		{1B1B9299-57FE-355C-8D94-3024ED1CF978}.Release|x64.ActiveCfg = Release|x64
		{1B1B9299-57FE-355C-8D94-3024ED1CF978}.Release|x64.Build.0 = Release|x64
		{1B1B9299-57FE-355C-8D94-3024ED1CF978}.MinSizeRel|x64.ActiveCfg = MinSizeRel|x64
		{1B1B9299-57FE-355C-8D94-3024ED1CF978}.MinSizeRel|x64.Build.0 = MinSizeRel|x64
		{1B1B9299-57FE-355C-8D94-3024ED1CF978}.RelWithDebInfo|x64.ActiveCfg = RelWithDebInfo|x64
		{1B1B9299-57FE-355C-8D94-3024ED1CF978}.RelWithDebInfo|x64.Build.0 = RelWithDebInfo|x64
	EndGlobalSection
	GlobalSection(ExtensibilityGlobals) = postSolution
		SolutionGuid = {4591F074-02D7-36FF-830F-2842487F1254}
	EndGlobalSection
	GlobalSection(ExtensibilityAddIns) = postSolution
	EndGlobalSection
EndGlobal
