
Microsoft Visual Studio Solution File, Format Version 12.00
# Visual Studio Version 17
Project("{8BC9CEB8-8B4A-11D0-8D11-00A0C91BC942}") = "ALL_BUILD", "ALL_BUILD.vcxproj", "{CB68B5DE-03AA-32DD-8532-51A8801F530C}"
	ProjectSection(ProjectDependencies) = postProject
		{AF5AF7A5-6A0F-3382-ACD8-C69406BFCF3C} = {AF5AF7A5-6A0F-3382-ACD8-C69406BFCF3C}
		{7F2AD75E-6EC7-3C22-80F8-782D950008D7} = {7F2AD75E-6EC7-3C22-80F8-782D950008D7}
		{62394851-2283-3CC8-A09D-B1392B42E2AF} = {62394851-2283-3CC8-A09D-B1392B42E2AF}
		{9045F52F-5EAF-31BC-AC21-649731B6A53E} = {9045F52F-5EAF-31BC-AC21-649731B6A53E}
		{74171B64-8C21-30DF-B589-030922EDA640} = {74171B64-8C21-30DF-B589-030922EDA640}
	EndProjectSection
EndProject
Project("{8BC9CEB8-8B4A-11D0-8D11-00A0C91BC942}") = "MyanglishEngine", "MyanglishEngine.vcxproj", "{AF5AF7A5-6A0F-3382-ACD8-C69406BFCF3C}"
	ProjectSection(ProjectDependencies) = postProject
		{74171B64-8C21-30DF-B589-030922EDA640} = {74171B64-8C21-30DF-B589-030922EDA640}
	EndProjectSection
EndProject
Project("{8BC9CEB8-8B4A-11D0-8D11-00A0C91BC942}") = "MyanglishIME", "MyanglishIME.vcxproj", "{7F2AD75E-6EC7-3C22-80F8-782D950008D7}"
	ProjectSection(ProjectDependencies) = postProject
		{AF5AF7A5-6A0F-3382-ACD8-C69406BFCF3C} = {AF5AF7A5-6A0F-3382-ACD8-C69406BFCF3C}
		{74171B64-8C21-30DF-B589-030922EDA640} = {74171B64-8C21-30DF-B589-030922EDA640}
	EndProjectSection
EndProject
Project("{8BC9CEB8-8B4A-11D0-8D11-00A0C91BC942}") = "MyanglishSettings", "MyanglishSettings.vcxproj", "{62394851-2283-3CC8-A09D-B1392B42E2AF}"
	ProjectSection(ProjectDependencies) = postProject
		{74171B64-8C21-30DF-B589-030922EDA640} = {74171B64-8C21-30DF-B589-030922EDA640}
	EndProjectSection
EndProject
Project("{8BC9CEB8-8B4A-11D0-8D11-00A0C91BC942}") = "MyanglishTests", "MyanglishTests.vcxproj", "{9045F52F-5EAF-31BC-AC21-649731B6A53E}"
	ProjectSection(ProjectDependencies) = postProject
		{AF5AF7A5-6A0F-3382-ACD8-C69406BFCF3C} = {AF5AF7A5-6A0F-3382-ACD8-C69406BFCF3C}
		{74171B64-8C21-30DF-B589-030922EDA640} = {74171B64-8C21-30DF-B589-030922EDA640}
	EndProjectSection
EndProject
Project("{8BC9CEB8-8B4A-11D0-8D11-00A0C91BC942}") = "RUN_TESTS", "RUN_TESTS.vcxproj", "{8F451DF9-3922-3E1D-8BD3-88A9FDFC0858}"
	ProjectSection(ProjectDependencies) = postProject
		{74171B64-8C21-30DF-B589-030922EDA640} = {74171B64-8C21-30DF-B589-030922EDA640}
	EndProjectSection
EndProject
Project("{8BC9CEB8-8B4A-11D0-8D11-00A0C91BC942}") = "ZERO_CHECK", "ZERO_CHECK.vcxproj", "{74171B64-8C21-30DF-B589-030922EDA640}"
	ProjectSection(ProjectDependencies) = postProject
	EndProjectSection
EndProject
Global
	GlobalSection(SolutionConfigurationPlatforms) = preSolution
		Debug|x64 = Debug|x64
		Release|x64 = Release|x64
		MinSizeRel|x64 = MinSizeRel|x64
		RelWithDebInfo|x64 = RelWithDebInfo|x64
	EndGlobalSection
	GlobalSection(ProjectConfigurationPlatforms) = postSolution
		{CB68B5DE-03AA-32DD-8532-51A8801F530C}.Debug|x64.ActiveCfg = Debug|x64
		{CB68B5DE-03AA-32DD-8532-51A8801F530C}.Release|x64.ActiveCfg = Release|x64
		{CB68B5DE-03AA-32DD-8532-51A8801F530C}.MinSizeRel|x64.ActiveCfg = MinSizeRel|x64
		{CB68B5DE-03AA-32DD-8532-51A8801F530C}.RelWithDebInfo|x64.ActiveCfg = RelWithDebInfo|x64
		{AF5AF7A5-6A0F-3382-ACD8-C69406BFCF3C}.Debug|x64.ActiveCfg = Debug|x64
		{AF5AF7A5-6A0F-3382-ACD8-C69406BFCF3C}.Debug|x64.Build.0 = Debug|x64
		{AF5AF7A5-6A0F-3382-ACD8-C69406BFCF3C}.Release|x64.ActiveCfg = Release|x64
		{AF5AF7A5-6A0F-3382-ACD8-C69406BFCF3C}.Release|x64.Build.0 = Release|x64
		{AF5AF7A5-6A0F-3382-ACD8-C69406BFCF3C}.MinSizeRel|x64.ActiveCfg = MinSizeRel|x64
		{AF5AF7A5-6A0F-3382-ACD8-C69406BFCF3C}.MinSizeRel|x64.Build.0 = MinSizeRel|x64
		{AF5AF7A5-6A0F-3382-ACD8-C69406BFCF3C}.RelWithDebInfo|x64.ActiveCfg = RelWithDebInfo|x64
		{AF5AF7A5-6A0F-3382-ACD8-C69406BFCF3C}.RelWithDebInfo|x64.Build.0 = RelWithDebInfo|x64
		{7F2AD75E-6EC7-3C22-80F8-782D950008D7}.Debug|x64.ActiveCfg = Debug|x64
		{7F2AD75E-6EC7-3C22-80F8-782D950008D7}.Debug|x64.Build.0 = Debug|x64
		{7F2AD75E-6EC7-3C22-80F8-782D950008D7}.Release|x64.ActiveCfg = Release|x64
		{7F2AD75E-6EC7-3C22-80F8-782D950008D7}.Release|x64.Build.0 = Release|x64
		{7F2AD75E-6EC7-3C22-80F8-782D950008D7}.MinSizeRel|x64.ActiveCfg = MinSizeRel|x64
		{7F2AD75E-6EC7-3C22-80F8-782D950008D7}.MinSizeRel|x64.Build.0 = MinSizeRel|x64
		{7F2AD75E-6EC7-3C22-80F8-782D950008D7}.RelWithDebInfo|x64.ActiveCfg = RelWithDebInfo|x64
		{7F2AD75E-6EC7-3C22-80F8-782D950008D7}.RelWithDebInfo|x64.Build.0 = RelWithDebInfo|x64
		{62394851-2283-3CC8-A09D-B1392B42E2AF}.Debug|x64.ActiveCfg = Debug|x64
		{62394851-2283-3CC8-A09D-B1392B42E2AF}.Debug|x64.Build.0 = Debug|x64
		{62394851-2283-3CC8-A09D-B1392B42E2AF}.Release|x64.ActiveCfg = Release|x64
		{62394851-2283-3CC8-A09D-B1392B42E2AF}.Release|x64.Build.0 = Release|x64
		{62394851-2283-3CC8-A09D-B1392B42E2AF}.MinSizeRel|x64.ActiveCfg = MinSizeRel|x64
		{62394851-2283-3CC8-A09D-B1392B42E2AF}.MinSizeRel|x64.Build.0 = MinSizeRel|x64
		{62394851-2283-3CC8-A09D-B1392B42E2AF}.RelWithDebInfo|x64.ActiveCfg = RelWithDebInfo|x64
		{62394851-2283-3CC8-A09D-B1392B42E2AF}.RelWithDebInfo|x64.Build.0 = RelWithDebInfo|x64
		{9045F52F-5EAF-31BC-AC21-649731B6A53E}.Debug|x64.ActiveCfg = Debug|x64
		{9045F52F-5EAF-31BC-AC21-649731B6A53E}.Debug|x64.Build.0 = Debug|x64
		{9045F52F-5EAF-31BC-AC21-649731B6A53E}.Release|x64.ActiveCfg = Release|x64
		{9045F52F-5EAF-31BC-AC21-649731B6A53E}.Release|x64.Build.0 = Release|x64
		{9045F52F-5EAF-31BC-AC21-649731B6A53E}.MinSizeRel|x64.ActiveCfg = MinSizeRel|x64
		{9045F52F-5EAF-31BC-AC21-649731B6A53E}.MinSizeRel|x64.Build.0 = MinSizeRel|x64
		{9045F52F-5EAF-31BC-AC21-649731B6A53E}.RelWithDebInfo|x64.ActiveCfg = RelWithDebInfo|x64
		{9045F52F-5EAF-31BC-AC21-649731B6A53E}.RelWithDebInfo|x64.Build.0 = RelWithDebInfo|x64
		{8F451DF9-3922-3E1D-8BD3-88A9FDFC0858}.Debug|x64.ActiveCfg = Debug|x64
		{8F451DF9-3922-3E1D-8BD3-88A9FDFC0858}.Release|x64.ActiveCfg = Release|x64
		{8F451DF9-3922-3E1D-8BD3-88A9FDFC0858}.MinSizeRel|x64.ActiveCfg = MinSizeRel|x64
		{8F451DF9-3922-3E1D-8BD3-88A9FDFC0858}.RelWithDebInfo|x64.ActiveCfg = RelWithDebInfo|x64
		{74171B64-8C21-30DF-B589-030922EDA640}.Debug|x64.ActiveCfg = Debug|x64
		{74171B64-8C21-30DF-B589-030922EDA640}.Debug|x64.Build.0 = Debug|x64
		{74171B64-8C21-30DF-B589-030922EDA640}.Release|x64.ActiveCfg = Release|x64
		{74171B64-8C21-30DF-B589-030922EDA640}.Release|x64.Build.0 = Release|x64
		{74171B64-8C21-30DF-B589-030922EDA640}.MinSizeRel|x64.ActiveCfg = MinSizeRel|x64
		{74171B64-8C21-30DF-B589-030922EDA640}.MinSizeRel|x64.Build.0 = MinSizeRel|x64
		{74171B64-8C21-30DF-B589-030922EDA640}.RelWithDebInfo|x64.ActiveCfg = RelWithDebInfo|x64
		{74171B64-8C21-30DF-B589-030922EDA640}.RelWithDebInfo|x64.Build.0 = RelWithDebInfo|x64
	EndGlobalSection
	GlobalSection(ExtensibilityGlobals) = postSolution
		SolutionGuid = {A4B72904-DF1B-3144-B300-2A6A245852B9}
	EndGlobalSection
	GlobalSection(ExtensibilityAddIns) = postSolution
	EndGlobalSection
EndGlobal
