<?xml version="1.0" encoding="utf-8"?>
<Project ToolsVersion="17.0" xmlns="http://schemas.microsoft.com/developer/msbuild/2003">
  <ItemGroup>
    <CustomBuild Include="C:\Projects\myanglish\build-alpha1083r17\CMakeFiles\8fcfb9de1fc970cf0841bd0a71221749\generate.stamp.rule">
      <Filter>CMake Rules</Filter>
    </CustomBuild>
  </ItemGroup>
  <ItemGroup>
    <Filter Include="CMake Rules">
      <UniqueIdentifier>{69152EE1-12F3-3ADA-A7ED-57FFDDD0D96C}</UniqueIdentifier>
    </Filter>
  </ItemGroup>
</Project>
