
Microsoft Visual Studio Solution File, Format Version 12.00
# Visual Studio Version 17
Project("{8BC9CEB8-8B4A-11D0-8D11-00A0C91BC942}") = "ALL_BUILD", "ALL_BUILD.vcxproj", "{547EC132-857B-36CC-946B-E8DA63E06B77}"
	ProjectSection(ProjectDependencies) = postProject
		{6359893A-676F-39D3-B124-EF7A5EDCDFE0} = {6359893A-676F-39D3-B124-EF7A5EDCDFE0}
		{4AA7F8A8-5FBD-3F91-BBF8-AE6A5423A5AD} = {4AA7F8A8-5FBD-3F91-BBF8-AE6A5423A5AD}
		{FF58326E-AE16-3A70-B5C6-4ABCDF19C009} = {FF58326E-AE16-3A70-B5C6-4ABCDF19C009}
		{83F3A1EB-B4DC-342F-8279-B385C417EB34} = {83F3A1EB-B4DC-342F-8279-B385C417EB34}
		{00BAC447-39C3-3B94-A42B-B7A205FDE8DA} = {00BAC447-39C3-3B94-A42B-B7A205FDE8DA}
	EndProjectSection
EndProject
Project("{8BC9CEB8-8B4A-11D0-8D11-00A0C91BC942}") = "MyanglishEngine", "MyanglishEngine.vcxproj", "{6359893A-676F-39D3-B124-EF7A5EDCDFE0}"
	ProjectSection(ProjectDependencies) = postProject
		{00BAC447-39C3-3B94-A42B-B7A205FDE8DA} = {00BAC447-39C3-3B94-A42B-B7A205FDE8DA}
	EndProjectSection
EndProject
Project("{8BC9CEB8-8B4A-11D0-8D11-00A0C91BC942}") = "MyanglishIME", "MyanglishIME.vcxproj", "{4AA7F8A8-5FBD-3F91-BBF8-AE6A5423A5AD}"
	ProjectSection(ProjectDependencies) = postProject
		{6359893A-676F-39D3-B124-EF7A5EDCDFE0} = {6359893A-676F-39D3-B124-EF7A5EDCDFE0}
		{00BAC447-39C3-3B94-A42B-B7A205FDE8DA} = {00BAC447-39C3-3B94-A42B-B7A205FDE8DA}
	EndProjectSection
EndProject
Project("{8BC9CEB8-8B4A-11D0-8D11-00A0C91BC942}") = "MyanglishSettings", "MyanglishSettings.vcxproj", "{FF58326E-AE16-3A70-B5C6-4ABCDF19C009}"
	ProjectSection(ProjectDependencies) = postProject
		{00BAC447-39C3-3B94-A42B-B7A205FDE8DA} = {00BAC447-39C3-3B94-A42B-B7A205FDE8DA}
	EndProjectSection
EndProject
Project("{8BC9CEB8-8B4A-11D0-8D11-00A0C91BC942}") = "MyanglishTests", "MyanglishTests.vcxproj", "{83F3A1EB-B4DC-342F-8279-B385C417EB34}"
	ProjectSection(ProjectDependencies) = postProject
		{6359893A-676F-39D3-B124-EF7A5EDCDFE0} = {6359893A-676F-39D3-B124-EF7A5EDCDFE0}
		{00BAC447-39C3-3B94-A42B-B7A205FDE8DA} = {00BAC447-39C3-3B94-A42B-B7A205FDE8DA}
	EndProjectSection
EndProject
Project("{8BC9CEB8-8B4A-11D0-8D11-00A0C91BC942}") = "RUN_TESTS", "RUN_TESTS.vcxproj", "{7D33EA93-497E-3552-A19F-71C8726F6F8A}"
	ProjectSection(ProjectDependencies) = postProject
		{00BAC447-39C3-3B94-A42B-B7A205FDE8DA} = {00BAC447-39C3-3B94-A42B-B7A205FDE8DA}
	EndProjectSection
EndProject
Project("{8BC9CEB8-8B4A-11D0-8D11-00A0C91BC942}") = "ZERO_CHECK", "ZERO_CHECK.vcxproj", "{00BAC447-39C3-3B94-A42B-B7A205FDE8DA}"
	ProjectSection(ProjectDependencies) = postProject
	EndProjectSection
EndProject
Global
	GlobalSection(SolutionConfigurationPlatforms) = preSolution
		Debug|x64 = Debug|x64
		Release|x64 = Release|x64
		MinSizeRel|x64 = MinSizeRel|x64
		RelWithDebInfo|x64 = RelWithDebInfo|x64
	EndGlobalSection
	GlobalSection(ProjectConfigurationPlatforms) = postSolution
		{547EC132-857B-36CC-946B-E8DA63E06B77}.Debug|x64.ActiveCfg = Debug|x64
		{547EC132-857B-36CC-946B-E8DA63E06B77}.Release|x64.ActiveCfg = Release|x64
		{547EC132-857B-36CC-946B-E8DA63E06B77}.MinSizeRel|x64.ActiveCfg = MinSizeRel|x64
		{547EC132-857B-36CC-946B-E8DA63E06B77}.RelWithDebInfo|x64.ActiveCfg = RelWithDebInfo|x64
		{6359893A-676F-39D3-B124-EF7A5EDCDFE0}.Debug|x64.ActiveCfg = Debug|x64
		{6359893A-676F-39D3-B124-EF7A5EDCDFE0}.Debug|x64.Build.0 = Debug|x64
		{6359893A-676F-39D3-B124-EF7A5EDCDFE0}.Release|x64.ActiveCfg = Release|x64
		{6359893A-676F-39D3-B124-EF7A5EDCDFE0}.Release|x64.Build.0 = Release|x64
		{6359893A-676F-39D3-B124-EF7A5EDCDFE0}.MinSizeRel|x64.ActiveCfg = MinSizeRel|x64
		{6359893A-676F-39D3-B124-EF7A5EDCDFE0}.MinSizeRel|x64.Build.0 = MinSizeRel|x64
		{6359893A-676F-39D3-B124-EF7A5EDCDFE0}.RelWithDebInfo|x64.ActiveCfg = RelWithDebInfo|x64
		{6359893A-676F-39D3-B124-EF7A5EDCDFE0}.RelWithDebInfo|x64.Build.0 = RelWithDebInfo|x64
		{4AA7F8A8-5FBD-3F91-BBF8-AE6A5423A5AD}.Debug|x64.ActiveCfg = Debug|x64
		{4AA7F8A8-5FBD-3F91-BBF8-AE6A5423A5AD}.Debug|x64.Build.0 = Debug|x64
		{4AA7F8A8-5FBD-3F91-BBF8-AE6A5423A5AD}.Release|x64.ActiveCfg = Release|x64
		{4AA7F8A8-5FBD-3F91-BBF8-AE6A5423A5AD}.Release|x64.Build.0 = Release|x64
		{4AA7F8A8-5FBD-3F91-BBF8-AE6A5423A5AD}.MinSizeRel|x64.ActiveCfg = MinSizeRel|x64
		{4AA7F8A8-5FBD-3F91-BBF8-AE6A5423A5AD}.MinSizeRel|x64.Build.0 = MinSizeRel|x64
		{4AA7F8A8-5FBD-3F91-BBF8-AE6A5423A5AD}.RelWithDebInfo|x64.ActiveCfg = RelWithDebInfo|x64
		{4AA7F8A8-5FBD-3F91-BBF8-AE6A5423A5AD}.RelWithDebInfo|x64.Build.0 = RelWithDebInfo|x64
		{FF58326E-AE16-3A70-B5C6-4ABCDF19C009}.Debug|x64.ActiveCfg = Debug|x64
		{FF58326E-AE16-3A70-B5C6-4ABCDF19C009}.Debug|x64.Build.0 = Debug|x64
		{FF58326E-AE16-3A70-B5C6-4ABCDF19C009}.Release|x64.ActiveCfg = Release|x64
		{FF58326E-AE16-3A70-B5C6-4ABCDF19C009}.Release|x64.Build.0 = Release|x64
		{FF58326E-AE16-3A70-B5C6-4ABCDF19C009}.MinSizeRel|x64.ActiveCfg = MinSizeRel|x64
		{FF58326E-AE16-3A70-B5C6-4ABCDF19C009}.MinSizeRel|x64.Build.0 = MinSizeRel|x64
		{FF58326E-AE16-3A70-B5C6-4ABCDF19C009}.RelWithDebInfo|x64.ActiveCfg = RelWithDebInfo|x64
		{FF58326E-AE16-3A70-B5C6-4ABCDF19C009}.RelWithDebInfo|x64.Build.0 = RelWithDebInfo|x64
		{83F3A1EB-B4DC-342F-8279-B385C417EB34}.Debug|x64.ActiveCfg = Debug|x64
		{83F3A1EB-B4DC-342F-8279-B385C417EB34}.Debug|x64.Build.0 = Debug|x64
		{83F3A1EB-B4DC-342F-8279-B385C417EB34}.Release|x64.ActiveCfg = Release|x64
		{83F3A1EB-B4DC-342F-8279-B385C417EB34}.Release|x64.Build.0 = Release|x64
		{83F3A1EB-B4DC-342F-8279-B385C417EB34}.MinSizeRel|x64.ActiveCfg = MinSizeRel|x64
		{83F3A1EB-B4DC-342F-8279-B385C417EB34}.MinSizeRel|x64.Build.0 = MinSizeRel|x64
		{83F3A1EB-B4DC-342F-8279-B385C417EB34}.RelWithDebInfo|x64.ActiveCfg = RelWithDebInfo|x64
		{83F3A1EB-B4DC-342F-8279-B385C417EB34}.RelWithDebInfo|x64.Build.0 = RelWithDebInfo|x64
		{7D33EA93-497E-3552-A19F-71C8726F6F8A}.Debug|x64.ActiveCfg = Debug|x64
		{7D33EA93-497E-3552-A19F-71C8726F6F8A}.Release|x64.ActiveCfg = Release|x64
		{7D33EA93-497E-3552-A19F-71C8726F6F8A}.MinSizeRel|x64.ActiveCfg = MinSizeRel|x64
		{7D33EA93-497E-3552-A19F-71C8726F6F8A}.RelWithDebInfo|x64.ActiveCfg = RelWithDebInfo|x64
		{00BAC447-39C3-3B94-A42B-B7A205FDE8DA}.Debug|x64.ActiveCfg = Debug|x64
		{00BAC447-39C3-3B94-A42B-B7A205FDE8DA}.Debug|x64.Build.0 = Debug|x64
		{00BAC447-39C3-3B94-A42B-B7A205FDE8DA}.Release|x64.ActiveCfg = Release|x64
		{00BAC447-39C3-3B94-A42B-B7A205FDE8DA}.Release|x64.Build.0 = Release|x64
		{00BAC447-39C3-3B94-A42B-B7A205FDE8DA}.MinSizeRel|x64.ActiveCfg = MinSizeRel|x64
		{00BAC447-39C3-3B94-A42B-B7A205FDE8DA}.MinSizeRel|x64.Build.0 = MinSizeRel|x64
		{00BAC447-39C3-3B94-A42B-B7A205FDE8DA}.RelWithDebInfo|x64.ActiveCfg = RelWithDebInfo|x64
		{00BAC447-39C3-3B94-A42B-B7A205FDE8DA}.RelWithDebInfo|x64.Build.0 = RelWithDebInfo|x64
	EndGlobalSection
	GlobalSection(ExtensibilityGlobals) = postSolution
		SolutionGuid = {1C79E623-0307-3A64-8BA9-737461566E4B}
	EndGlobalSection
	GlobalSection(ExtensibilityAddIns) = postSolution
	EndGlobalSection
EndGlobal
