
Microsoft Visual Studio Solution File, Format Version 12.00
# Visual Studio Version 17
Project("{8BC9CEB8-8B4A-11D0-8D11-00A0C91BC942}") = "ALL_BUILD", "ALL_BUILD.vcxproj", "{DF642A5D-CA48-3BC8-ABA9-6181FE6020AD}"
	ProjectSection(ProjectDependencies) = postProject
		{0B6B632A-D4AD-3215-8797-D413FFAE2706} = {0B6B632A-D4AD-3215-8797-D413FFAE2706}
		{D8AA6309-E3D1-3042-8A8C-6B5D918C6C10} = {D8AA6309-E3D1-3042-8A8C-6B5D918C6C10}
		{B21621AB-0070-36C8-824C-5E5B72A21675} = {B21621AB-0070-36C8-824C-5E5B72A21675}
		{4104A242-6E52-31C9-A228-24FAF18AD55A} = {4104A242-6E52-31C9-A228-24FAF18AD55A}
		{D8B62005-3749-3560-8187-302FB6036F65} = {D8B62005-3749-3560-8187-302FB6036F65}
	EndProjectSection
EndProject
Project("{8BC9CEB8-8B4A-11D0-8D11-00A0C91BC942}") = "MyanglishEngine", "MyanglishEngine.vcxproj", "{0B6B632A-D4AD-3215-8797-D413FFAE2706}"
	ProjectSection(ProjectDependencies) = postProject
		{D8B62005-3749-3560-8187-302FB6036F65} = {D8B62005-3749-3560-8187-302FB6036F65}
	EndProjectSection
EndProject
Project("{8BC9CEB8-8B4A-11D0-8D11-00A0C91BC942}") = "MyanglishIME", "MyanglishIME.vcxproj", "{D8AA6309-E3D1-3042-8A8C-6B5D918C6C10}"
	ProjectSection(ProjectDependencies) = postProject
		{0B6B632A-D4AD-3215-8797-D413FFAE2706} = {0B6B632A-D4AD-3215-8797-D413FFAE2706}
		{D8B62005-3749-3560-8187-302FB6036F65} = {D8B62005-3749-3560-8187-302FB6036F65}
	EndProjectSection
EndProject
Project("{8BC9CEB8-8B4A-11D0-8D11-00A0C91BC942}") = "MyanglishSettings", "MyanglishSettings.vcxproj", "{B21621AB-0070-36C8-824C-5E5B72A21675}"
	ProjectSection(ProjectDependencies) = postProject
		{D8B62005-3749-3560-8187-302FB6036F65} = {D8B62005-3749-3560-8187-302FB6036F65}
	EndProjectSection
EndProject
Project("{8BC9CEB8-8B4A-11D0-8D11-00A0C91BC942}") = "MyanglishTests", "MyanglishTests.vcxproj", "{4104A242-6E52-31C9-A228-24FAF18AD55A}"
	ProjectSection(ProjectDependencies) = postProject
		{0B6B632A-D4AD-3215-8797-D413FFAE2706} = {0B6B632A-D4AD-3215-8797-D413FFAE2706}
		{D8B62005-3749-3560-8187-302FB6036F65} = {D8B62005-3749-3560-8187-302FB6036F65}
	EndProjectSection
EndProject
Project("{8BC9CEB8-8B4A-11D0-8D11-00A0C91BC942}") = "RUN_TESTS", "RUN_TESTS.vcxproj", "{21CDF59F-B3BE-3A9B-A6CC-69C82CDB033D}"
	ProjectSection(ProjectDependencies) = postProject
		{D8B62005-3749-3560-8187-302FB6036F65} = {D8B62005-3749-3560-8187-302FB6036F65}
	EndProjectSection
EndProject
Project("{8BC9CEB8-8B4A-11D0-8D11-00A0C91BC942}") = "ZERO_CHECK", "ZERO_CHECK.vcxproj", "{D8B62005-3749-3560-8187-302FB6036F65}"
	ProjectSection(ProjectDependencies) = postProject
	EndProjectSection
EndProject
Global
	GlobalSection(SolutionConfigurationPlatforms) = preSolution
		Debug|x64 = Debug|x64
		Release|x64 = Release|x64
		MinSizeRel|x64 = MinSizeRel|x64
		RelWithDebInfo|x64 = RelWithDebInfo|x64
	EndGlobalSection
	GlobalSection(ProjectConfigurationPlatforms) = postSolution
		{DF642A5D-CA48-3BC8-ABA9-6181FE6020AD}.Debug|x64.ActiveCfg = Debug|x64
		{DF642A5D-CA48-3BC8-ABA9-6181FE6020AD}.Release|x64.ActiveCfg = Release|x64
		{DF642A5D-CA48-3BC8-ABA9-6181FE6020AD}.MinSizeRel|x64.ActiveCfg = MinSizeRel|x64
		{DF642A5D-CA48-3BC8-ABA9-6181FE6020AD}.RelWithDebInfo|x64.ActiveCfg = RelWithDebInfo|x64
		{0B6B632A-D4AD-3215-8797-D413FFAE2706}.Debug|x64.ActiveCfg = Debug|x64
		{0B6B632A-D4AD-3215-8797-D413FFAE2706}.Debug|x64.Build.0 = Debug|x64
		{0B6B632A-D4AD-3215-8797-D413FFAE2706}.Release|x64.ActiveCfg = Release|x64
		{0B6B632A-D4AD-3215-8797-D413FFAE2706}.Release|x64.Build.0 = Release|x64
		{0B6B632A-D4AD-3215-8797-D413FFAE2706}.MinSizeRel|x64.ActiveCfg = MinSizeRel|x64
		{0B6B632A-D4AD-3215-8797-D413FFAE2706}.MinSizeRel|x64.Build.0 = MinSizeRel|x64
		{0B6B632A-D4AD-3215-8797-D413FFAE2706}.RelWithDebInfo|x64.ActiveCfg = RelWithDebInfo|x64
		{0B6B632A-D4AD-3215-8797-D413FFAE2706}.RelWithDebInfo|x64.Build.0 = RelWithDebInfo|x64
		{D8AA6309-E3D1-3042-8A8C-6B5D918C6C10}.Debug|x64.ActiveCfg = Debug|x64
		{D8AA6309-E3D1-3042-8A8C-6B5D918C6C10}.Debug|x64.Build.0 = Debug|x64
		{D8AA6309-E3D1-3042-8A8C-6B5D918C6C10}.Release|x64.ActiveCfg = Release|x64
		{D8AA6309-E3D1-3042-8A8C-6B5D918C6C10}.Release|x64.Build.0 = Release|x64
		{D8AA6309-E3D1-3042-8A8C-6B5D918C6C10}.MinSizeRel|x64.ActiveCfg = MinSizeRel|x64
		{D8AA6309-E3D1-3042-8A8C-6B5D918C6C10}.MinSizeRel|x64.Build.0 = MinSizeRel|x64
		{D8AA6309-E3D1-3042-8A8C-6B5D918C6C10}.RelWithDebInfo|x64.ActiveCfg = RelWithDebInfo|x64
		{D8AA6309-E3D1-3042-8A8C-6B5D918C6C10}.RelWithDebInfo|x64.Build.0 = RelWithDebInfo|x64
		{B21621AB-0070-36C8-824C-5E5B72A21675}.Debug|x64.ActiveCfg = Debug|x64
		{B21621AB-0070-36C8-824C-5E5B72A21675}.Debug|x64.Build.0 = Debug|x64
		{B21621AB-0070-36C8-824C-5E5B72A21675}.Release|x64.ActiveCfg = Release|x64
		{B21621AB-0070-36C8-824C-5E5B72A21675}.Release|x64.Build.0 = Release|x64
		{B21621AB-0070-36C8-824C-5E5B72A21675}.MinSizeRel|x64.ActiveCfg = MinSizeRel|x64
		{B21621AB-0070-36C8-824C-5E5B72A21675}.MinSizeRel|x64.Build.0 = MinSizeRel|x64
		{B21621AB-0070-36C8-824C-5E5B72A21675}.RelWithDebInfo|x64.ActiveCfg = RelWithDebInfo|x64
		{B21621AB-0070-36C8-824C-5E5B72A21675}.RelWithDebInfo|x64.Build.0 = RelWithDebInfo|x64
		{4104A242-6E52-31C9-A228-24FAF18AD55A}.Debug|x64.ActiveCfg = Debug|x64
		{4104A242-6E52-31C9-A228-24FAF18AD55A}.Debug|x64.Build.0 = Debug|x64
		{4104A242-6E52-31C9-A228-24FAF18AD55A}.Release|x64.ActiveCfg = Release|x64
		{4104A242-6E52-31C9-A228-24FAF18AD55A}.Release|x64.Build.0 = Release|x64
		{4104A242-6E52-31C9-A228-24FAF18AD55A}.MinSizeRel|x64.ActiveCfg = MinSizeRel|x64
		{4104A242-6E52-31C9-A228-24FAF18AD55A}.MinSizeRel|x64.Build.0 = MinSizeRel|x64
		{4104A242-6E52-31C9-A228-24FAF18AD55A}.RelWithDebInfo|x64.ActiveCfg = RelWithDebInfo|x64
		{4104A242-6E52-31C9-A228-24FAF18AD55A}.RelWithDebInfo|x64.Build.0 = RelWithDebInfo|x64
		{21CDF59F-B3BE-3A9B-A6CC-69C82CDB033D}.Debug|x64.ActiveCfg = Debug|x64
		{21CDF59F-B3BE-3A9B-A6CC-69C82CDB033D}.Release|x64.ActiveCfg = Release|x64
		{21CDF59F-B3BE-3A9B-A6CC-69C82CDB033D}.MinSizeRel|x64.ActiveCfg = MinSizeRel|x64
		{21CDF59F-B3BE-3A9B-A6CC-69C82CDB033D}.RelWithDebInfo|x64.ActiveCfg = RelWithDebInfo|x64
		{D8B62005-3749-3560-8187-302FB6036F65}.Debug|x64.ActiveCfg = Debug|x64
		{D8B62005-3749-3560-8187-302FB6036F65}.Debug|x64.Build.0 = Debug|x64
		{D8B62005-3749-3560-8187-302FB6036F65}.Release|x64.ActiveCfg = Release|x64
		{D8B62005-3749-3560-8187-302FB6036F65}.Release|x64.Build.0 = Release|x64
		{D8B62005-3749-3560-8187-302FB6036F65}.MinSizeRel|x64.ActiveCfg = MinSizeRel|x64
		{D8B62005-3749-3560-8187-302FB6036F65}.MinSizeRel|x64.Build.0 = MinSizeRel|x64
		{D8B62005-3749-3560-8187-302FB6036F65}.RelWithDebInfo|x64.ActiveCfg = RelWithDebInfo|x64
		{D8B62005-3749-3560-8187-302FB6036F65}.RelWithDebInfo|x64.Build.0 = RelWithDebInfo|x64
	EndGlobalSection
	GlobalSection(ExtensibilityGlobals) = postSolution
		SolutionGuid = {0F0CFAD4-C9CF-3D75-B9C8-7DF46D9A7D6B}
	EndGlobalSection
	GlobalSection(ExtensibilityAddIns) = postSolution
	EndGlobalSection
EndGlobal
