
Microsoft Visual Studio Solution File, Format Version 12.00
# Visual Studio Version 17
Project("{8BC9CEB8-8B4A-11D0-8D11-00A0C91BC942}") = "ALL_BUILD", "ALL_BUILD.vcxproj", "{4D5ECAA5-5A03-3DB5-A9D3-3445521FEC39}"
	ProjectSection(ProjectDependencies) = postProject
		{3567FDE1-88B1-306D-85F9-6126C884C015} = {3567FDE1-88B1-306D-85F9-6126C884C015}
		{28874596-82DE-37A8-89BB-F1D8C54031FC} = {28874596-82DE-37A8-89BB-F1D8C54031FC}
		{F3381A6A-D6C8-32E4-AEAB-433131BAB46E} = {F3381A6A-D6C8-32E4-AEAB-433131BAB46E}
		{AE8B8D62-035D-3C87-9990-CDA897B81ED0} = {AE8B8D62-035D-3C87-9990-CDA897B81ED0}
		{E66D95B0-FFB3-3333-A287-1EDEF2CD0C78} = {E66D95B0-FFB3-3333-A287-1EDEF2CD0C78}
	EndProjectSection
EndProject
Project("{8BC9CEB8-8B4A-11D0-8D11-00A0C91BC942}") = "MyanglishEngine", "MyanglishEngine.vcxproj", "{3567FDE1-88B1-306D-85F9-6126C884C015}"
	ProjectSection(ProjectDependencies) = postProject
		{E66D95B0-FFB3-3333-A287-1EDEF2CD0C78} = {E66D95B0-FFB3-3333-A287-1EDEF2CD0C78}
	EndProjectSection
EndProject
Project("{8BC9CEB8-8B4A-11D0-8D11-00A0C91BC942}") = "MyanglishIME", "MyanglishIME.vcxproj", "{28874596-82DE-37A8-89BB-F1D8C54031FC}"
	ProjectSection(ProjectDependencies) = postProject
		{3567FDE1-88B1-306D-85F9-6126C884C015} = {3567FDE1-88B1-306D-85F9-6126C884C015}
		{E66D95B0-FFB3-3333-A287-1EDEF2CD0C78} = {E66D95B0-FFB3-3333-A287-1EDEF2CD0C78}
	EndProjectSection
EndProject
Project("{8BC9CEB8-8B4A-11D0-8D11-00A0C91BC942}") = "MyanglishSettings", "MyanglishSettings.vcxproj", "{F3381A6A-D6C8-32E4-AEAB-433131BAB46E}"
	ProjectSection(ProjectDependencies) = postProject
		{E66D95B0-FFB3-3333-A287-1EDEF2CD0C78} = {E66D95B0-FFB3-3333-A287-1EDEF2CD0C78}
	EndProjectSection
EndProject
Project("{8BC9CEB8-8B4A-11D0-8D11-00A0C91BC942}") = "MyanglishTests", "MyanglishTests.vcxproj", "{AE8B8D62-035D-3C87-9990-CDA897B81ED0}"
	ProjectSection(ProjectDependencies) = postProject
		{3567FDE1-88B1-306D-85F9-6126C884C015} = {3567FDE1-88B1-306D-85F9-6126C884C015}
		{E66D95B0-FFB3-3333-A287-1EDEF2CD0C78} = {E66D95B0-FFB3-3333-A287-1EDEF2CD0C78}
	EndProjectSection
EndProject
Project("{8BC9CEB8-8B4A-11D0-8D11-00A0C91BC942}") = "RUN_TESTS", "RUN_TESTS.vcxproj", "{66E05FD8-954F-3241-ACFC-75099825352D}"
	ProjectSection(ProjectDependencies) = postProject
		{E66D95B0-FFB3-3333-A287-1EDEF2CD0C78} = {E66D95B0-FFB3-3333-A287-1EDEF2CD0C78}
	EndProjectSection
EndProject
Project("{8BC9CEB8-8B4A-11D0-8D11-00A0C91BC942}") = "ZERO_CHECK", "ZERO_CHECK.vcxproj", "{E66D95B0-FFB3-3333-A287-1EDEF2CD0C78}"
	ProjectSection(ProjectDependencies) = postProject
	EndProjectSection
EndProject
Global
	GlobalSection(SolutionConfigurationPlatforms) = preSolution
		Debug|x64 = Debug|x64
		Release|x64 = Release|x64
		MinSizeRel|x64 = MinSizeRel|x64
		RelWithDebInfo|x64 = RelWithDebInfo|x64
	EndGlobalSection
	GlobalSection(ProjectConfigurationPlatforms) = postSolution
		{4D5ECAA5-5A03-3DB5-A9D3-3445521FEC39}.Debug|x64.ActiveCfg = Debug|x64
		{4D5ECAA5-5A03-3DB5-A9D3-3445521FEC39}.Release|x64.ActiveCfg = Release|x64
		{4D5ECAA5-5A03-3DB5-A9D3-3445521FEC39}.MinSizeRel|x64.ActiveCfg = MinSizeRel|x64
		{4D5ECAA5-5A03-3DB5-A9D3-3445521FEC39}.RelWithDebInfo|x64.ActiveCfg = RelWithDebInfo|x64
		{3567FDE1-88B1-306D-85F9-6126C884C015}.Debug|x64.ActiveCfg = Debug|x64
		{3567FDE1-88B1-306D-85F9-6126C884C015}.Debug|x64.Build.0 = Debug|x64
		{3567FDE1-88B1-306D-85F9-6126C884C015}.Release|x64.ActiveCfg = Release|x64
		{3567FDE1-88B1-306D-85F9-6126C884C015}.Release|x64.Build.0 = Release|x64
		{3567FDE1-88B1-306D-85F9-6126C884C015}.MinSizeRel|x64.ActiveCfg = MinSizeRel|x64
		{3567FDE1-88B1-306D-85F9-6126C884C015}.MinSizeRel|x64.Build.0 = MinSizeRel|x64
		{3567FDE1-88B1-306D-85F9-6126C884C015}.RelWithDebInfo|x64.ActiveCfg = RelWithDebInfo|x64
		{3567FDE1-88B1-306D-85F9-6126C884C015}.RelWithDebInfo|x64.Build.0 = RelWithDebInfo|x64
		{28874596-82DE-37A8-89BB-F1D8C54031FC}.Debug|x64.ActiveCfg = Debug|x64
		{28874596-82DE-37A8-89BB-F1D8C54031FC}.Debug|x64.Build.0 = Debug|x64
		{28874596-82DE-37A8-89BB-F1D8C54031FC}.Release|x64.ActiveCfg = Release|x64
		{28874596-82DE-37A8-89BB-F1D8C54031FC}.Release|x64.Build.0 = Release|x64
		{28874596-82DE-37A8-89BB-F1D8C54031FC}.MinSizeRel|x64.ActiveCfg = MinSizeRel|x64
		{28874596-82DE-37A8-89BB-F1D8C54031FC}.MinSizeRel|x64.Build.0 = MinSizeRel|x64
		{28874596-82DE-37A8-89BB-F1D8C54031FC}.RelWithDebInfo|x64.ActiveCfg = RelWithDebInfo|x64
		{28874596-82DE-37A8-89BB-F1D8C54031FC}.RelWithDebInfo|x64.Build.0 = RelWithDebInfo|x64
		{F3381A6A-D6C8-32E4-AEAB-433131BAB46E}.Debug|x64.ActiveCfg = Debug|x64
		{F3381A6A-D6C8-32E4-AEAB-433131BAB46E}.Debug|x64.Build.0 = Debug|x64
		{F3381A6A-D6C8-32E4-AEAB-433131BAB46E}.Release|x64.ActiveCfg = Release|x64
		{F3381A6A-D6C8-32E4-AEAB-433131BAB46E}.Release|x64.Build.0 = Release|x64
		{F3381A6A-D6C8-32E4-AEAB-433131BAB46E}.MinSizeRel|x64.ActiveCfg = MinSizeRel|x64
		{F3381A6A-D6C8-32E4-AEAB-433131BAB46E}.MinSizeRel|x64.Build.0 = MinSizeRel|x64
		{F3381A6A-D6C8-32E4-AEAB-433131BAB46E}.RelWithDebInfo|x64.ActiveCfg = RelWithDebInfo|x64
		{F3381A6A-D6C8-32E4-AEAB-433131BAB46E}.RelWithDebInfo|x64.Build.0 = RelWithDebInfo|x64
		{AE8B8D62-035D-3C87-9990-CDA897B81ED0}.Debug|x64.ActiveCfg = Debug|x64
		{AE8B8D62-035D-3C87-9990-CDA897B81ED0}.Debug|x64.Build.0 = Debug|x64
		{AE8B8D62-035D-3C87-9990-CDA897B81ED0}.Release|x64.ActiveCfg = Release|x64
		{AE8B8D62-035D-3C87-9990-CDA897B81ED0}.Release|x64.Build.0 = Release|x64
		{AE8B8D62-035D-3C87-9990-CDA897B81ED0}.MinSizeRel|x64.ActiveCfg = MinSizeRel|x64
		{AE8B8D62-035D-3C87-9990-CDA897B81ED0}.MinSizeRel|x64.Build.0 = MinSizeRel|x64
		{AE8B8D62-035D-3C87-9990-CDA897B81ED0}.RelWithDebInfo|x64.ActiveCfg = RelWithDebInfo|x64
		{AE8B8D62-035D-3C87-9990-CDA897B81ED0}.RelWithDebInfo|x64.Build.0 = RelWithDebInfo|x64
		{66E05FD8-954F-3241-ACFC-75099825352D}.Debug|x64.ActiveCfg = Debug|x64
		{66E05FD8-954F-3241-ACFC-75099825352D}.Release|x64.ActiveCfg = Release|x64
		{66E05FD8-954F-3241-ACFC-75099825352D}.MinSizeRel|x64.ActiveCfg = MinSizeRel|x64
		{66E05FD8-954F-3241-ACFC-75099825352D}.RelWithDebInfo|x64.ActiveCfg = RelWithDebInfo|x64
		{E66D95B0-FFB3-3333-A287-1EDEF2CD0C78}.Debug|x64.ActiveCfg = Debug|x64
		{E66D95B0-FFB3-3333-A287-1EDEF2CD0C78}.Debug|x64.Build.0 = Debug|x64
		{E66D95B0-FFB3-3333-A287-1EDEF2CD0C78}.Release|x64.ActiveCfg = Release|x64
		{E66D95B0-FFB3-3333-A287-1EDEF2CD0C78}.Release|x64.Build.0 = Release|x64
		{E66D95B0-FFB3-3333-A287-1EDEF2CD0C78}.MinSizeRel|x64.ActiveCfg = MinSizeRel|x64
		{E66D95B0-FFB3-3333-A287-1EDEF2CD0C78}.MinSizeRel|x64.Build.0 = MinSizeRel|x64
		{E66D95B0-FFB3-3333-A287-1EDEF2CD0C78}.RelWithDebInfo|x64.ActiveCfg = RelWithDebInfo|x64
		{E66D95B0-FFB3-3333-A287-1EDEF2CD0C78}.RelWithDebInfo|x64.Build.0 = RelWithDebInfo|x64
	EndGlobalSection
	GlobalSection(ExtensibilityGlobals) = postSolution
		SolutionGuid = {3D29612E-1DA3-3236-8296-92C11E006993}
	EndGlobalSection
	GlobalSection(ExtensibilityAddIns) = postSolution
	EndGlobalSection
EndGlobal
