
Microsoft Visual Studio Solution File, Format Version 12.00
# Visual Studio Version 17
Project("{8BC9CEB8-8B4A-11D0-8D11-00A0C91BC942}") = "ALL_BUILD", "ALL_BUILD.vcxproj", "{97102ACC-6945-3412-B839-950E59027860}"
	ProjectSection(ProjectDependencies) = postProject
		{C4211BB3-1917-3EB4-B79B-BFB897ED5626} = {C4211BB3-1917-3EB4-B79B-BFB897ED5626}
		{8A05F0FC-B422-323B-9F07-141AC537B2C1} = {8A05F0FC-B422-323B-9F07-141AC537B2C1}
		{02FD62EC-067D-31C8-9C65-0CD63DC94F18} = {02FD62EC-067D-31C8-9C65-0CD63DC94F18}
		{58B39B20-04B7-3EB6-BC03-38BAB05B84DF} = {58B39B20-04B7-3EB6-BC03-38BAB05B84DF}
		{DFD502F0-944D-37B4-9041-1919DA0A62B6} = {DFD502F0-944D-37B4-9041-1919DA0A62B6}
	EndProjectSection
EndProject
Project("{8BC9CEB8-8B4A-11D0-8D11-00A0C91BC942}") = "MyanglishEngine", "MyanglishEngine.vcxproj", "{C4211BB3-1917-3EB4-B79B-BFB897ED5626}"
	ProjectSection(ProjectDependencies) = postProject
		{DFD502F0-944D-37B4-9041-1919DA0A62B6} = {DFD502F0-944D-37B4-9041-1919DA0A62B6}
	EndProjectSection
EndProject
Project("{8BC9CEB8-8B4A-11D0-8D11-00A0C91BC942}") = "MyanglishIME", "MyanglishIME.vcxproj", "{8A05F0FC-B422-323B-9F07-141AC537B2C1}"
	ProjectSection(ProjectDependencies) = postProject
		{C4211BB3-1917-3EB4-B79B-BFB897ED5626} = {C4211BB3-1917-3EB4-B79B-BFB897ED5626}
		{DFD502F0-944D-37B4-9041-1919DA0A62B6} = {DFD502F0-944D-37B4-9041-1919DA0A62B6}
	EndProjectSection
EndProject
Project("{8BC9CEB8-8B4A-11D0-8D11-00A0C91BC942}") = "MyanglishSettings", "MyanglishSettings.vcxproj", "{02FD62EC-067D-31C8-9C65-0CD63DC94F18}"
	ProjectSection(ProjectDependencies) = postProject
		{DFD502F0-944D-37B4-9041-1919DA0A62B6} = {DFD502F0-944D-37B4-9041-1919DA0A62B6}
	EndProjectSection
EndProject
Project("{8BC9CEB8-8B4A-11D0-8D11-00A0C91BC942}") = "MyanglishTests", "MyanglishTests.vcxproj", "{58B39B20-04B7-3EB6-BC03-38BAB05B84DF}"
	ProjectSection(ProjectDependencies) = postProject
		{C4211BB3-1917-3EB4-B79B-BFB897ED5626} = {C4211BB3-1917-3EB4-B79B-BFB897ED5626}
		{DFD502F0-944D-37B4-9041-1919DA0A62B6} = {DFD502F0-944D-37B4-9041-1919DA0A62B6}
	EndProjectSection
EndProject
Project("{8BC9CEB8-8B4A-11D0-8D11-00A0C91BC942}") = "RUN_TESTS", "RUN_TESTS.vcxproj", "{591DFDD5-5355-37A6-8A7D-38C526793200}"
	ProjectSection(ProjectDependencies) = postProject
		{DFD502F0-944D-37B4-9041-1919DA0A62B6} = {DFD502F0-944D-37B4-9041-1919DA0A62B6}
	EndProjectSection
EndProject
Project("{8BC9CEB8-8B4A-11D0-8D11-00A0C91BC942}") = "ZERO_CHECK", "ZERO_CHECK.vcxproj", "{DFD502F0-944D-37B4-9041-1919DA0A62B6}"
	ProjectSection(ProjectDependencies) = postProject
	EndProjectSection
EndProject
Global
	GlobalSection(SolutionConfigurationPlatforms) = preSolution
		Debug|x64 = Debug|x64
		Release|x64 = Release|x64
		MinSizeRel|x64 = MinSizeRel|x64
		RelWithDebInfo|x64 = RelWithDebInfo|x64
	EndGlobalSection
	GlobalSection(ProjectConfigurationPlatforms) = postSolution
		{97102ACC-6945-3412-B839-950E59027860}.Debug|x64.ActiveCfg = Debug|x64
		{97102ACC-6945-3412-B839-950E59027860}.Release|x64.ActiveCfg = Release|x64
		{97102ACC-6945-3412-B839-950E59027860}.MinSizeRel|x64.ActiveCfg = MinSizeRel|x64
		{97102ACC-6945-3412-B839-950E59027860}.RelWithDebInfo|x64.ActiveCfg = RelWithDebInfo|x64
		{C4211BB3-1917-3EB4-B79B-BFB897ED5626}.Debug|x64.ActiveCfg = Debug|x64
		{C4211BB3-1917-3EB4-B79B-BFB897ED5626}.Debug|x64.Build.0 = Debug|x64
		{C4211BB3-1917-3EB4-B79B-BFB897ED5626}.Release|x64.ActiveCfg = Release|x64
		{C4211BB3-1917-3EB4-B79B-BFB897ED5626}.Release|x64.Build.0 = Release|x64
		{C4211BB3-1917-3EB4-B79B-BFB897ED5626}.MinSizeRel|x64.ActiveCfg = MinSizeRel|x64
		{C4211BB3-1917-3EB4-B79B-BFB897ED5626}.MinSizeRel|x64.Build.0 = MinSizeRel|x64
		{C4211BB3-1917-3EB4-B79B-BFB897ED5626}.RelWithDebInfo|x64.ActiveCfg = RelWithDebInfo|x64
		{C4211BB3-1917-3EB4-B79B-BFB897ED5626}.RelWithDebInfo|x64.Build.0 = RelWithDebInfo|x64
		{8A05F0FC-B422-323B-9F07-141AC537B2C1}.Debug|x64.ActiveCfg = Debug|x64
		{8A05F0FC-B422-323B-9F07-141AC537B2C1}.Debug|x64.Build.0 = Debug|x64
		{8A05F0FC-B422-323B-9F07-141AC537B2C1}.Release|x64.ActiveCfg = Release|x64
		{8A05F0FC-B422-323B-9F07-141AC537B2C1}.Release|x64.Build.0 = Release|x64
		{8A05F0FC-B422-323B-9F07-141AC537B2C1}.MinSizeRel|x64.ActiveCfg = MinSizeRel|x64
		{8A05F0FC-B422-323B-9F07-141AC537B2C1}.MinSizeRel|x64.Build.0 = MinSizeRel|x64
		{8A05F0FC-B422-323B-9F07-141AC537B2C1}.RelWithDebInfo|x64.ActiveCfg = RelWithDebInfo|x64
		{8A05F0FC-B422-323B-9F07-141AC537B2C1}.RelWithDebInfo|x64.Build.0 = RelWithDebInfo|x64
		{02FD62EC-067D-31C8-9C65-0CD63DC94F18}.Debug|x64.ActiveCfg = Debug|x64
		{02FD62EC-067D-31C8-9C65-0CD63DC94F18}.Debug|x64.Build.0 = Debug|x64
		{02FD62EC-067D-31C8-9C65-0CD63DC94F18}.Release|x64.ActiveCfg = Release|x64
		{02FD62EC-067D-31C8-9C65-0CD63DC94F18}.Release|x64.Build.0 = Release|x64
		{02FD62EC-067D-31C8-9C65-0CD63DC94F18}.MinSizeRel|x64.ActiveCfg = MinSizeRel|x64
		{02FD62EC-067D-31C8-9C65-0CD63DC94F18}.MinSizeRel|x64.Build.0 = MinSizeRel|x64
		{02FD62EC-067D-31C8-9C65-0CD63DC94F18}.RelWithDebInfo|x64.ActiveCfg = RelWithDebInfo|x64
		{02FD62EC-067D-31C8-9C65-0CD63DC94F18}.RelWithDebInfo|x64.Build.0 = RelWithDebInfo|x64
		{58B39B20-04B7-3EB6-BC03-38BAB05B84DF}.Debug|x64.ActiveCfg = Debug|x64
		{58B39B20-04B7-3EB6-BC03-38BAB05B84DF}.Debug|x64.Build.0 = Debug|x64
		{58B39B20-04B7-3EB6-BC03-38BAB05B84DF}.Release|x64.ActiveCfg = Release|x64
		{58B39B20-04B7-3EB6-BC03-38BAB05B84DF}.Release|x64.Build.0 = Release|x64
		{58B39B20-04B7-3EB6-BC03-38BAB05B84DF}.MinSizeRel|x64.ActiveCfg = MinSizeRel|x64
		{58B39B20-04B7-3EB6-BC03-38BAB05B84DF}.MinSizeRel|x64.Build.0 = MinSizeRel|x64
		{58B39B20-04B7-3EB6-BC03-38BAB05B84DF}.RelWithDebInfo|x64.ActiveCfg = RelWithDebInfo|x64
		{58B39B20-04B7-3EB6-BC03-38BAB05B84DF}.RelWithDebInfo|x64.Build.0 = RelWithDebInfo|x64
		{591DFDD5-5355-37A6-8A7D-38C526793200}.Debug|x64.ActiveCfg = Debug|x64
		{591DFDD5-5355-37A6-8A7D-38C526793200}.Release|x64.ActiveCfg = Release|x64
		{591DFDD5-5355-37A6-8A7D-38C526793200}.MinSizeRel|x64.ActiveCfg = MinSizeRel|x64
		{591DFDD5-5355-37A6-8A7D-38C526793200}.RelWithDebInfo|x64.ActiveCfg = RelWithDebInfo|x64
		{DFD502F0-944D-37B4-9041-1919DA0A62B6}.Debug|x64.ActiveCfg = Debug|x64
		{DFD502F0-944D-37B4-9041-1919DA0A62B6}.Debug|x64.Build.0 = Debug|x64
		{DFD502F0-944D-37B4-9041-1919DA0A62B6}.Release|x64.ActiveCfg = Release|x64
		{DFD502F0-944D-37B4-9041-1919DA0A62B6}.Release|x64.Build.0 = Release|x64
		{DFD502F0-944D-37B4-9041-1919DA0A62B6}.MinSizeRel|x64.ActiveCfg = MinSizeRel|x64
		{DFD502F0-944D-37B4-9041-1919DA0A62B6}.MinSizeRel|x64.Build.0 = MinSizeRel|x64
		{DFD502F0-944D-37B4-9041-1919DA0A62B6}.RelWithDebInfo|x64.ActiveCfg = RelWithDebInfo|x64
		{DFD502F0-944D-37B4-9041-1919DA0A62B6}.RelWithDebInfo|x64.Build.0 = RelWithDebInfo|x64
	EndGlobalSection
	GlobalSection(ExtensibilityGlobals) = postSolution
		SolutionGuid = {3B14463E-F1F1-356E-9BA0-EFD1DA718621}
	EndGlobalSection
	GlobalSection(ExtensibilityAddIns) = postSolution
	EndGlobalSection
EndGlobal
