
Microsoft Visual Studio Solution File, Format Version 12.00
# Visual Studio Version 17
Project("{8BC9CEB8-8B4A-11D0-8D11-00A0C91BC942}") = "ALL_BUILD", "ALL_BUILD.vcxproj", "{71485AB9-14F4-31F9-8A67-36F394980443}"
	ProjectSection(ProjectDependencies) = postProject
		{FFF91FA8-E248-37E0-AD3A-5418AE176335} = {FFF91FA8-E248-37E0-AD3A-5418AE176335}
		{5AA30CE2-73C5-3614-8B7B-3527A2551471} = {5AA30CE2-73C5-3614-8B7B-3527A2551471}
		{8DC8984A-DA9B-3F1A-9B8D-83B3607AA528} = {8DC8984A-DA9B-3F1A-9B8D-83B3607AA528}
		{DEE44D63-5D05-3168-9B3C-77287A30172D} = {DEE44D63-5D05-3168-9B3C-77287A30172D}
		{D3BABC2D-ABCA-3094-8538-A5413FF8C428} = {D3BABC2D-ABCA-3094-8538-A5413FF8C428}
	EndProjectSection
EndProject
Project("{8BC9CEB8-8B4A-11D0-8D11-00A0C91BC942}") = "MyanglishEngine", "MyanglishEngine.vcxproj", "{FFF91FA8-E248-37E0-AD3A-5418AE176335}"
	ProjectSection(ProjectDependencies) = postProject
		{D3BABC2D-ABCA-3094-8538-A5413FF8C428} = {D3BABC2D-ABCA-3094-8538-A5413FF8C428}
	EndProjectSection
EndProject
Project("{8BC9CEB8-8B4A-11D0-8D11-00A0C91BC942}") = "MyanglishIME", "MyanglishIME.vcxproj", "{5AA30CE2-73C5-3614-8B7B-3527A2551471}"
	ProjectSection(ProjectDependencies) = postProject
		{FFF91FA8-E248-37E0-AD3A-5418AE176335} = {FFF91FA8-E248-37E0-AD3A-5418AE176335}
		{D3BABC2D-ABCA-3094-8538-A5413FF8C428} = {D3BABC2D-ABCA-3094-8538-A5413FF8C428}
	EndProjectSection
EndProject
Project("{8BC9CEB8-8B4A-11D0-8D11-00A0C91BC942}") = "MyanglishSettings", "MyanglishSettings.vcxproj", "{8DC8984A-DA9B-3F1A-9B8D-83B3607AA528}"
	ProjectSection(ProjectDependencies) = postProject
		{D3BABC2D-ABCA-3094-8538-A5413FF8C428} = {D3BABC2D-ABCA-3094-8538-A5413FF8C428}
	EndProjectSection
EndProject
Project("{8BC9CEB8-8B4A-11D0-8D11-00A0C91BC942}") = "MyanglishTests", "MyanglishTests.vcxproj", "{DEE44D63-5D05-3168-9B3C-77287A30172D}"
	ProjectSection(ProjectDependencies) = postProject
		{FFF91FA8-E248-37E0-AD3A-5418AE176335} = {FFF91FA8-E248-37E0-AD3A-5418AE176335}
		{D3BABC2D-ABCA-3094-8538-A5413FF8C428} = {D3BABC2D-ABCA-3094-8538-A5413FF8C428}
	EndProjectSection
EndProject
Project("{8BC9CEB8-8B4A-11D0-8D11-00A0C91BC942}") = "RUN_TESTS", "RUN_TESTS.vcxproj", "{28E719AE-581B-3A08-8C00-E197B1128391}"
	ProjectSection(ProjectDependencies) = postProject
		{D3BABC2D-ABCA-3094-8538-A5413FF8C428} = {D3BABC2D-ABCA-3094-8538-A5413FF8C428}
	EndProjectSection
EndProject
Project("{8BC9CEB8-8B4A-11D0-8D11-00A0C91BC942}") = "ZERO_CHECK", "ZERO_CHECK.vcxproj", "{D3BABC2D-ABCA-3094-8538-A5413FF8C428}"
	ProjectSection(ProjectDependencies) = postProject
	EndProjectSection
EndProject
Global
	GlobalSection(SolutionConfigurationPlatforms) = preSolution
		Debug|x64 = Debug|x64
		Release|x64 = Release|x64
		MinSizeRel|x64 = MinSizeRel|x64
		RelWithDebInfo|x64 = RelWithDebInfo|x64
	EndGlobalSection
	GlobalSection(ProjectConfigurationPlatforms) = postSolution
		{71485AB9-14F4-31F9-8A67-36F394980443}.Debug|x64.ActiveCfg = Debug|x64
		{71485AB9-14F4-31F9-8A67-36F394980443}.Release|x64.ActiveCfg = Release|x64
		{71485AB9-14F4-31F9-8A67-36F394980443}.MinSizeRel|x64.ActiveCfg = MinSizeRel|x64
		{71485AB9-14F4-31F9-8A67-36F394980443}.RelWithDebInfo|x64.ActiveCfg = RelWithDebInfo|x64
		{FFF91FA8-E248-37E0-AD3A-5418AE176335}.Debug|x64.ActiveCfg = Debug|x64
		{FFF91FA8-E248-37E0-AD3A-5418AE176335}.Debug|x64.Build.0 = Debug|x64
		{FFF91FA8-E248-37E0-AD3A-5418AE176335}.Release|x64.ActiveCfg = Release|x64
		{FFF91FA8-E248-37E0-AD3A-5418AE176335}.Release|x64.Build.0 = Release|x64
		{FFF91FA8-E248-37E0-AD3A-5418AE176335}.MinSizeRel|x64.ActiveCfg = MinSizeRel|x64
		{FFF91FA8-E248-37E0-AD3A-5418AE176335}.MinSizeRel|x64.Build.0 = MinSizeRel|x64
		{FFF91FA8-E248-37E0-AD3A-5418AE176335}.RelWithDebInfo|x64.ActiveCfg = RelWithDebInfo|x64
		{FFF91FA8-E248-37E0-AD3A-5418AE176335}.RelWithDebInfo|x64.Build.0 = RelWithDebInfo|x64
		{5AA30CE2-73C5-3614-8B7B-3527A2551471}.Debug|x64.ActiveCfg = Debug|x64
		{5AA30CE2-73C5-3614-8B7B-3527A2551471}.Debug|x64.Build.0 = Debug|x64
		{5AA30CE2-73C5-3614-8B7B-3527A2551471}.Release|x64.ActiveCfg = Release|x64
		{5AA30CE2-73C5-3614-8B7B-3527A2551471}.Release|x64.Build.0 = Release|x64
		{5AA30CE2-73C5-3614-8B7B-3527A2551471}.MinSizeRel|x64.ActiveCfg = MinSizeRel|x64
		{5AA30CE2-73C5-3614-8B7B-3527A2551471}.MinSizeRel|x64.Build.0 = MinSizeRel|x64
		{5AA30CE2-73C5-3614-8B7B-3527A2551471}.RelWithDebInfo|x64.ActiveCfg = RelWithDebInfo|x64
		{5AA30CE2-73C5-3614-8B7B-3527A2551471}.RelWithDebInfo|x64.Build.0 = RelWithDebInfo|x64
		{8DC8984A-DA9B-3F1A-9B8D-83B3607AA528}.Debug|x64.ActiveCfg = Debug|x64
		{8DC8984A-DA9B-3F1A-9B8D-83B3607AA528}.Debug|x64.Build.0 = Debug|x64
		{8DC8984A-DA9B-3F1A-9B8D-83B3607AA528}.Release|x64.ActiveCfg = Release|x64
		{8DC8984A-DA9B-3F1A-9B8D-83B3607AA528}.Release|x64.Build.0 = Release|x64
		{8DC8984A-DA9B-3F1A-9B8D-83B3607AA528}.MinSizeRel|x64.ActiveCfg = MinSizeRel|x64
		{8DC8984A-DA9B-3F1A-9B8D-83B3607AA528}.MinSizeRel|x64.Build.0 = MinSizeRel|x64
		{8DC8984A-DA9B-3F1A-9B8D-83B3607AA528}.RelWithDebInfo|x64.ActiveCfg = RelWithDebInfo|x64
		{8DC8984A-DA9B-3F1A-9B8D-83B3607AA528}.RelWithDebInfo|x64.Build.0 = RelWithDebInfo|x64
		{DEE44D63-5D05-3168-9B3C-77287A30172D}.Debug|x64.ActiveCfg = Debug|x64
		{DEE44D63-5D05-3168-9B3C-77287A30172D}.Debug|x64.Build.0 = Debug|x64
		{DEE44D63-5D05-3168-9B3C-77287A30172D}.Release|x64.ActiveCfg = Release|x64
		{DEE44D63-5D05-3168-9B3C-77287A30172D}.Release|x64.Build.0 = Release|x64
		{DEE44D63-5D05-3168-9B3C-77287A30172D}.MinSizeRel|x64.ActiveCfg = MinSizeRel|x64
		{DEE44D63-5D05-3168-9B3C-77287A30172D}.MinSizeRel|x64.Build.0 = MinSizeRel|x64
		{DEE44D63-5D05-3168-9B3C-77287A30172D}.RelWithDebInfo|x64.ActiveCfg = RelWithDebInfo|x64
		{DEE44D63-5D05-3168-9B3C-77287A30172D}.RelWithDebInfo|x64.Build.0 = RelWithDebInfo|x64
		{28E719AE-581B-3A08-8C00-E197B1128391}.Debug|x64.ActiveCfg = Debug|x64
		{28E719AE-581B-3A08-8C00-E197B1128391}.Release|x64.ActiveCfg = Release|x64
		{28E719AE-581B-3A08-8C00-E197B1128391}.MinSizeRel|x64.ActiveCfg = MinSizeRel|x64
		{28E719AE-581B-3A08-8C00-E197B1128391}.RelWithDebInfo|x64.ActiveCfg = RelWithDebInfo|x64
		{D3BABC2D-ABCA-3094-8538-A5413FF8C428}.Debug|x64.ActiveCfg = Debug|x64
		{D3BABC2D-ABCA-3094-8538-A5413FF8C428}.Debug|x64.Build.0 = Debug|x64
		{D3BABC2D-ABCA-3094-8538-A5413FF8C428}.Release|x64.ActiveCfg = Release|x64
		{D3BABC2D-ABCA-3094-8538-A5413FF8C428}.Release|x64.Build.0 = Release|x64
		{D3BABC2D-ABCA-3094-8538-A5413FF8C428}.MinSizeRel|x64.ActiveCfg = MinSizeRel|x64
		{D3BABC2D-ABCA-3094-8538-A5413FF8C428}.MinSizeRel|x64.Build.0 = MinSizeRel|x64
		{D3BABC2D-ABCA-3094-8538-A5413FF8C428}.RelWithDebInfo|x64.ActiveCfg = RelWithDebInfo|x64
		{D3BABC2D-ABCA-3094-8538-A5413FF8C428}.RelWithDebInfo|x64.Build.0 = RelWithDebInfo|x64
	EndGlobalSection
	GlobalSection(ExtensibilityGlobals) = postSolution
		SolutionGuid = {C5AE543E-F9E4-3239-BE97-61199EE6119F}
	EndGlobalSection
	GlobalSection(ExtensibilityAddIns) = postSolution
	EndGlobalSection
EndGlobal
