
Microsoft Visual Studio Solution File, Format Version 12.00
# Visual Studio Version 17
Project("{8BC9CEB8-8B4A-11D0-8D11-00A0C91BC942}") = "ALL_BUILD", "ALL_BUILD.vcxproj", "{6A7DC327-A3A4-3265-BB63-94D8D3BAE547}"
	ProjectSection(ProjectDependencies) = postProject
		{BDCAD8E5-C9DB-38F1-AE36-403ABD219839} = {BDCAD8E5-C9DB-38F1-AE36-403ABD219839}
		{12BC52D5-AABB-3810-BB0F-0173C6C6AA50} = {12BC52D5-AABB-3810-BB0F-0173C6C6AA50}
		{4965B614-7A13-3FE9-B54B-7A5B0C276BA5} = {4965B614-7A13-3FE9-B54B-7A5B0C276BA5}
		{0C3713DD-5EA3-3FA2-994C-BC61EC526F3B} = {0C3713DD-5EA3-3FA2-994C-BC61EC526F3B}
		{4662CE7B-D375-3898-9450-8A6D55C083D6} = {4662CE7B-D375-3898-9450-8A6D55C083D6}
	EndProjectSection
EndProject
Project("{8BC9CEB8-8B4A-11D0-8D11-00A0C91BC942}") = "MyanglishEngine", "MyanglishEngine.vcxproj", "{BDCAD8E5-C9DB-38F1-AE36-403ABD219839}"
	ProjectSection(ProjectDependencies) = postProject
		{4662CE7B-D375-3898-9450-8A6D55C083D6} = {4662CE7B-D375-3898-9450-8A6D55C083D6}
	EndProjectSection
EndProject
Project("{8BC9CEB8-8B4A-11D0-8D11-00A0C91BC942}") = "MyanglishIME", "MyanglishIME.vcxproj", "{12BC52D5-AABB-3810-BB0F-0173C6C6AA50}"
	ProjectSection(ProjectDependencies) = postProject
		{BDCAD8E5-C9DB-38F1-AE36-403ABD219839} = {BDCAD8E5-C9DB-38F1-AE36-403ABD219839}
		{4662CE7B-D375-3898-9450-8A6D55C083D6} = {4662CE7B-D375-3898-9450-8A6D55C083D6}
	EndProjectSection
EndProject
Project("{8BC9CEB8-8B4A-11D0-8D11-00A0C91BC942}") = "MyanglishSettings", "MyanglishSettings.vcxproj", "{4965B614-7A13-3FE9-B54B-7A5B0C276BA5}"
	ProjectSection(ProjectDependencies) = postProject
		{4662CE7B-D375-3898-9450-8A6D55C083D6} = {4662CE7B-D375-3898-9450-8A6D55C083D6}
	EndProjectSection
EndProject
Project("{8BC9CEB8-8B4A-11D0-8D11-00A0C91BC942}") = "MyanglishTests", "MyanglishTests.vcxproj", "{0C3713DD-5EA3-3FA2-994C-BC61EC526F3B}"
	ProjectSection(ProjectDependencies) = postProject
		{BDCAD8E5-C9DB-38F1-AE36-403ABD219839} = {BDCAD8E5-C9DB-38F1-AE36-403ABD219839}
		{4662CE7B-D375-3898-9450-8A6D55C083D6} = {4662CE7B-D375-3898-9450-8A6D55C083D6}
	EndProjectSection
EndProject
Project("{8BC9CEB8-8B4A-11D0-8D11-00A0C91BC942}") = "RUN_TESTS", "RUN_TESTS.vcxproj", "{2DE0400E-BC85-348D-8CA2-483935E201CF}"
	ProjectSection(ProjectDependencies) = postProject
		{4662CE7B-D375-3898-9450-8A6D55C083D6} = {4662CE7B-D375-3898-9450-8A6D55C083D6}
	EndProjectSection
EndProject
Project("{8BC9CEB8-8B4A-11D0-8D11-00A0C91BC942}") = "ZERO_CHECK", "ZERO_CHECK.vcxproj", "{4662CE7B-D375-3898-9450-8A6D55C083D6}"
	ProjectSection(ProjectDependencies) = postProject
	EndProjectSection
EndProject
Global
	GlobalSection(SolutionConfigurationPlatforms) = preSolution
		Debug|x64 = Debug|x64
		Release|x64 = Release|x64
		MinSizeRel|x64 = MinSizeRel|x64
		RelWithDebInfo|x64 = RelWithDebInfo|x64
	EndGlobalSection
	GlobalSection(ProjectConfigurationPlatforms) = postSolution
		{6A7DC327-A3A4-3265-BB63-94D8D3BAE547}.Debug|x64.ActiveCfg = Debug|x64
		{6A7DC327-A3A4-3265-BB63-94D8D3BAE547}.Release|x64.ActiveCfg = Release|x64
		{6A7DC327-A3A4-3265-BB63-94D8D3BAE547}.MinSizeRel|x64.ActiveCfg = MinSizeRel|x64
		{6A7DC327-A3A4-3265-BB63-94D8D3BAE547}.RelWithDebInfo|x64.ActiveCfg = RelWithDebInfo|x64
		{BDCAD8E5-C9DB-38F1-AE36-403ABD219839}.Debug|x64.ActiveCfg = Debug|x64
		{BDCAD8E5-C9DB-38F1-AE36-403ABD219839}.Debug|x64.Build.0 = Debug|x64
		{BDCAD8E5-C9DB-38F1-AE36-403ABD219839}.Release|x64.ActiveCfg = Release|x64
		{BDCAD8E5-C9DB-38F1-AE36-403ABD219839}.Release|x64.Build.0 = Release|x64
		{BDCAD8E5-C9DB-38F1-AE36-403ABD219839}.MinSizeRel|x64.ActiveCfg = MinSizeRel|x64
		{BDCAD8E5-C9DB-38F1-AE36-403ABD219839}.MinSizeRel|x64.Build.0 = MinSizeRel|x64
		{BDCAD8E5-C9DB-38F1-AE36-403ABD219839}.RelWithDebInfo|x64.ActiveCfg = RelWithDebInfo|x64
		{BDCAD8E5-C9DB-38F1-AE36-403ABD219839}.RelWithDebInfo|x64.Build.0 = RelWithDebInfo|x64
		{12BC52D5-AABB-3810-BB0F-0173C6C6AA50}.Debug|x64.ActiveCfg = Debug|x64
		{12BC52D5-AABB-3810-BB0F-0173C6C6AA50}.Debug|x64.Build.0 = Debug|x64
		{12BC52D5-AABB-3810-BB0F-0173C6C6AA50}.Release|x64.ActiveCfg = Release|x64
		{12BC52D5-AABB-3810-BB0F-0173C6C6AA50}.Release|x64.Build.0 = Release|x64
		{12BC52D5-AABB-3810-BB0F-0173C6C6AA50}.MinSizeRel|x64.ActiveCfg = MinSizeRel|x64
		{12BC52D5-AABB-3810-BB0F-0173C6C6AA50}.MinSizeRel|x64.Build.0 = MinSizeRel|x64
		{12BC52D5-AABB-3810-BB0F-0173C6C6AA50}.RelWithDebInfo|x64.ActiveCfg = RelWithDebInfo|x64
		{12BC52D5-AABB-3810-BB0F-0173C6C6AA50}.RelWithDebInfo|x64.Build.0 = RelWithDebInfo|x64
		{4965B614-7A13-3FE9-B54B-7A5B0C276BA5}.Debug|x64.ActiveCfg = Debug|x64
		{4965B614-7A13-3FE9-B54B-7A5B0C276BA5}.Debug|x64.Build.0 = Debug|x64
		{4965B614-7A13-3FE9-B54B-7A5B0C276BA5}.Release|x64.ActiveCfg = Release|x64
		{4965B614-7A13-3FE9-B54B-7A5B0C276BA5}.Release|x64.Build.0 = Release|x64
		{4965B614-7A13-3FE9-B54B-7A5B0C276BA5}.MinSizeRel|x64.ActiveCfg = MinSizeRel|x64
		{4965B614-7A13-3FE9-B54B-7A5B0C276BA5}.MinSizeRel|x64.Build.0 = MinSizeRel|x64
		{4965B614-7A13-3FE9-B54B-7A5B0C276BA5}.RelWithDebInfo|x64.ActiveCfg = RelWithDebInfo|x64
		{4965B614-7A13-3FE9-B54B-7A5B0C276BA5}.RelWithDebInfo|x64.Build.0 = RelWithDebInfo|x64
		{0C3713DD-5EA3-3FA2-994C-BC61EC526F3B}.Debug|x64.ActiveCfg = Debug|x64
		{0C3713DD-5EA3-3FA2-994C-BC61EC526F3B}.Debug|x64.Build.0 = Debug|x64
		{0C3713DD-5EA3-3FA2-994C-BC61EC526F3B}.Release|x64.ActiveCfg = Release|x64
		{0C3713DD-5EA3-3FA2-994C-BC61EC526F3B}.Release|x64.Build.0 = Release|x64
		{0C3713DD-5EA3-3FA2-994C-BC61EC526F3B}.MinSizeRel|x64.ActiveCfg = MinSizeRel|x64
		{0C3713DD-5EA3-3FA2-994C-BC61EC526F3B}.MinSizeRel|x64.Build.0 = MinSizeRel|x64
		{0C3713DD-5EA3-3FA2-994C-BC61EC526F3B}.RelWithDebInfo|x64.ActiveCfg = RelWithDebInfo|x64
		{0C3713DD-5EA3-3FA2-994C-BC61EC526F3B}.RelWithDebInfo|x64.Build.0 = RelWithDebInfo|x64
		{2DE0400E-BC85-348D-8CA2-483935E201CF}.Debug|x64.ActiveCfg = Debug|x64
		{2DE0400E-BC85-348D-8CA2-483935E201CF}.Release|x64.ActiveCfg = Release|x64
		{2DE0400E-BC85-348D-8CA2-483935E201CF}.MinSizeRel|x64.ActiveCfg = MinSizeRel|x64
		{2DE0400E-BC85-348D-8CA2-483935E201CF}.RelWithDebInfo|x64.ActiveCfg = RelWithDebInfo|x64
		{4662CE7B-D375-3898-9450-8A6D55C083D6}.Debug|x64.ActiveCfg = Debug|x64
		{4662CE7B-D375-3898-9450-8A6D55C083D6}.Debug|x64.Build.0 = Debug|x64
		{4662CE7B-D375-3898-9450-8A6D55C083D6}.Release|x64.ActiveCfg = Release|x64
		{4662CE7B-D375-3898-9450-8A6D55C083D6}.Release|x64.Build.0 = Release|x64
		{4662CE7B-D375-3898-9450-8A6D55C083D6}.MinSizeRel|x64.ActiveCfg = MinSizeRel|x64
		{4662CE7B-D375-3898-9450-8A6D55C083D6}.MinSizeRel|x64.Build.0 = MinSizeRel|x64
		{4662CE7B-D375-3898-9450-8A6D55C083D6}.RelWithDebInfo|x64.ActiveCfg = RelWithDebInfo|x64
		{4662CE7B-D375-3898-9450-8A6D55C083D6}.RelWithDebInfo|x64.Build.0 = RelWithDebInfo|x64
	EndGlobalSection
	GlobalSection(ExtensibilityGlobals) = postSolution
		SolutionGuid = {76F537D3-D0BC-37C2-A9C4-23A8ED128B7C}
	EndGlobalSection
	GlobalSection(ExtensibilityAddIns) = postSolution
	EndGlobalSection
EndGlobal
