<?xml version="1.0" encoding="utf-8"?>
<Project ToolsVersion="17.0" xmlns="http://schemas.microsoft.com/developer/msbuild/2003">
  <ItemGroup>
    <CustomBuild Include="C:\Projects\myanglish\build-alpha1083r115\CMakeFiles\fab33429dd0d81033f6ea1beab9d8224\generate.stamp.rule">
      <Filter>CMake Rules</Filter>
    </CustomBuild>
  </ItemGroup>
  <ItemGroup>
    <Filter Include="CMake Rules">
      <UniqueIdentifier>{38249EFE-9AFA-354C-AEBA-5B1325F12F0F}</UniqueIdentifier>
    </Filter>
  </ItemGroup>
</Project>
